PODS:
  - AndroidBase (0.0.1)
  - Dagger2 (0.0.1)
  - Gson (0.0.1)
  - J2OBJC (0.0.1)
  - j2objc-shared-debug (1.0)
  - j2objc-shared-release (1.0)
  - Okhttp (0.0.1)
  - Retrofit (0.0.1)
  - RxJava (0.0.1)
  - SqueakyCore (0.0.1)

DEPENDENCIES:
  - AndroidBase (from `../../AndroidBase`)
  - Dagger2 (from `../../Dagger2`)
  - Gson (from `../../Gson`)
  - J2OBJC (from `../../J2OBJC`)
  - j2objc-shared-debug (from `../lib/build/j2objcOutputs`)
  - j2objc-shared-release (from `../lib/build/j2objcOutputs`)
  - Okhttp (from `../../Okhttp`)
  - Retrofit (from `../../Retrofit`)
  - RxJava (from `../../RxJava`)
  - SqueakyCore (from `../../SqueakyCore`)

EXTERNAL SOURCES:
  AndroidBase:
    :path: ../../AndroidBase
  Dagger2:
    :path: ../../Dagger2
  Gson:
    :path: ../../Gson
  J2OBJC:
    :path: ../../J2OBJC
  j2objc-shared-debug:
    :path: ../lib/build/j2objcOutputs
  j2objc-shared-release:
    :path: ../lib/build/j2objcOutputs
  Okhttp:
    :path: ../../Okhttp
  Retrofit:
    :path: ../../Retrofit
  RxJava:
    :path: ../../RxJava
  SqueakyCore:
    :path: ../../SqueakyCore

SPEC CHECKSUMS:
  AndroidBase: d5bc62955804919bbd01d699343122fd322a49f9
  Dagger2: 3973b893c1f92c87b66d704a6135910479998487
  Gson: f8b20f5ff44bc24e70f02b12bd1c0dc991e4246e
  J2OBJC: 97318d71a13e7b50c1cc03b01c500df3cd852342
  j2objc-shared-debug: 62cac5af0dbfba4e1c21005260cee6e12854ae18
  j2objc-shared-release: bec000d7fd073b959cfaa15273f3c940d14e2273
  Okhttp: 56a9eb4e185672e4d9ce4b33c34e927a7d901752
  Retrofit: 742e6e2bdfd08471f38c57f2fb6893d9cb43f8c2
  RxJava: 93af949d8dc7af9a3793a45467e336625141a4b6
  SqueakyCore: 819575677844cce7adcd853f10d1cdcdf346dbd6

COCOAPODS: 0.39.0
