PODS:
  - AndroidBase (0.0.1)
  - EventBus (0.0.1)
  - J2OBJC (0.0.1)
  - j2objc-core-debug (1.0)
  - j2objc-gson-debug (1.0)
  - j2objc-lib-debug (1.0)
  - j2objc-lib-release (1.0)
  - MagicThreads (0.0.1)
  - Okhttp (0.0.1)
  - Retrofit (0.0.1)
  - RxJava (0.0.1)
  - SqueakyCore (0.0.1)

DEPENDENCIES:
  - AndroidBase (from `../../AndroidBase`)
  - EventBus (from `../../EventBus`)
  - J2OBJC (from `/Users/kgalligan/bin/j2objc-1.0.1`)
  - j2objc-core-debug (from `../../../gradletrans/dagger/trans/core/build/j2objcOutputs`)
  - j2objc-gson-debug (from `../../../gradletrans/gson/trans/gson/build/j2objcOutputs`)
  - j2objc-lib-debug (from `../lib/build/j2objcOutputs`)
  - j2objc-lib-release (from `../lib/build/j2objcOutputs`)
  - MagicThreads (from `../../MagicThreads`)
  - Okhttp (from `../../Okhttp`)
  - Retrofit (from `../../Retrofit`)
  - RxJava (from `../../RxJava`)
  - SqueakyCore (from `../../SqueakyCore`)

EXTERNAL SOURCES:
  AndroidBase:
    :path: ../../AndroidBase
  EventBus:
    :path: ../../EventBus
  J2OBJC:
    :path: /Users/kgalligan/bin/j2objc-1.0.1
  j2objc-core-debug:
    :path: ../../../gradletrans/dagger/trans/core/build/j2objcOutputs
  j2objc-gson-debug:
    :path: ../../../gradletrans/gson/trans/gson/build/j2objcOutputs
  j2objc-lib-debug:
    :path: ../lib/build/j2objcOutputs
  j2objc-lib-release:
    :path: ../lib/build/j2objcOutputs
  MagicThreads:
    :path: ../../MagicThreads
  Okhttp:
    :path: ../../Okhttp
  Retrofit:
    :path: ../../Retrofit
  RxJava:
    :path: ../../RxJava
  SqueakyCore:
    :path: ../../SqueakyCore

SPEC CHECKSUMS:
  AndroidBase: d5bc62955804919bbd01d699343122fd322a49f9
  EventBus: 66d917b6f482ed334c136d65f3419bbcab696a37
  J2OBJC: c5d93c9e5d9df2f972df35578f0d71633305a39d
  j2objc-core-debug: c8d72738f39707a3749e1fd62be03b8e658bc724
  j2objc-gson-debug: 19a86f9f2333891d3c1e39fe5f968d8f3c07b270
  j2objc-lib-debug: 885834d599febec72ef4510bcfe8fdb68b75e55a
  j2objc-lib-release: 8b1a3d71559bcd53de9999b26aad1302091ac9de
  MagicThreads: 913cee910d3808c37ac59b73be52300bd47033b1
  Okhttp: 56a9eb4e185672e4d9ce4b33c34e927a7d901752
  Retrofit: 742e6e2bdfd08471f38c57f2fb6893d9cb43f8c2
  RxJava: 93af949d8dc7af9a3793a45467e336625141a4b6
  SqueakyCore: 819575677844cce7adcd853f10d1cdcdf346dbd6

COCOAPODS: 0.39.0
