PODS:
  - AndroidBase (0.0.1)
  - Dagger2 (0.0.1)
  - EventBus (0.0.1)
  - Gson (0.0.1)
  - J2OBJC (0.0.1)
  - j2objc-lib-debug (1.0)
  - j2objc-lib-release (1.0)
  - MagicThreads (0.0.1)
  - Okhttp (0.0.1)
  - Retrofit (0.0.1)
  - RxJava (0.0.1)
  - SqueakyCore (0.0.1)

DEPENDENCIES:
  - AndroidBase (from `../../AndroidBase`)
  - Dagger2 (from `../../Dagger2`)
  - EventBus (from `../../EventBus`)
  - Gson (from `../../Gson`)
  - J2OBJC (from `../../J2OBJC`)
  - j2objc-lib-debug (from `../lib/build/j2objcOutputs`)
  - j2objc-lib-release (from `../lib/build/j2objcOutputs`)
  - MagicThreads (from `../../MagicThreads`)
  - Okhttp (from `../../Okhttp`)
  - Retrofit (from `../../Retrofit`)
  - RxJava (from `../../RxJava`)
  - SqueakyCore (from `../../SqueakyCore`)

EXTERNAL SOURCES:
  AndroidBase:
    :path: ../../AndroidBase
  Dagger2:
    :path: ../../Dagger2
  EventBus:
    :path: ../../EventBus
  Gson:
    :path: ../../Gson
  J2OBJC:
    :path: ../../J2OBJC
  j2objc-lib-debug:
    :path: ../lib/build/j2objcOutputs
  j2objc-lib-release:
    :path: ../lib/build/j2objcOutputs
  MagicThreads:
    :path: ../../MagicThreads
  Okhttp:
    :path: ../../Okhttp
  Retrofit:
    :path: ../../Retrofit
  RxJava:
    :path: ../../RxJava
  SqueakyCore:
    :path: ../../SqueakyCore

SPEC CHECKSUMS:
  AndroidBase: d5bc62955804919bbd01d699343122fd322a49f9
  Dagger2: 3973b893c1f92c87b66d704a6135910479998487
  EventBus: 66d917b6f482ed334c136d65f3419bbcab696a37
  Gson: f8b20f5ff44bc24e70f02b12bd1c0dc991e4246e
  J2OBJC: 97318d71a13e7b50c1cc03b01c500df3cd852342
  j2objc-lib-debug: 885834d599febec72ef4510bcfe8fdb68b75e55a
  j2objc-lib-release: 8b1a3d71559bcd53de9999b26aad1302091ac9de
  MagicThreads: 331e04fdb95eb77597ca217a3a0ba257b0ae0956
  Okhttp: 56a9eb4e185672e4d9ce4b33c34e927a7d901752
  Retrofit: 742e6e2bdfd08471f38c57f2fb6893d9cb43f8c2
  RxJava: 93af949d8dc7af9a3793a45467e336625141a4b6
  SqueakyCore: 819575677844cce7adcd853f10d1cdcdf346dbd6

COCOAPODS: 0.39.0
