PODS:
  - J2OBJC (1.0)
  - j2objc-androidbase-debug (1.0)
  - j2objc-androidbase-release (1.0)
  - j2objc-commons-io-debug (1.0)
  - j2objc-commons-io-release (1.0)
  - j2objc-commons-lang3-debug (1.0)
  - j2objc-commons-lang3-release (1.0)
  - j2objc-cupboard-debug (1.0)
  - j2objc-cupboard-release (1.0)
  - j2objc-eventbus-debug (1.0)
  - j2objc-eventbus-release (1.0)
  - j2objc-greendao-debug (1.0)
  - j2objc-greendao-release (1.0)
  - j2objc-gson-debug (1.0)
  - j2objc-gson-release (1.0)
  - j2objc-intellij-debug (1.0)
  - j2objc-intellij-release (1.0)
  - j2objc-javalib-debug (1.0)
  - j2objc-javalib-release (1.0)
  - j2objc-magicthreads-0.9.0-debug (1.0)
  - j2objc-magicthreads-0.9.0-release (1.0)
  - j2objc-retrofit-debug (1.0)
  - j2objc-retrofit-release (1.0)
  - j2objc-rxjava-debug (1.0)
  - j2objc-rxjava-release (1.0)
  - j2objc-squeakycore-debug (1.0)
  - j2objc-squeakycore-release (1.0)

DEPENDENCIES:
  - J2OBJC (from `/Users/kgalligan/devel/j2objc/dist`)
  - j2objc-androidbase-debug (from `/Users/kgalligan/devel/xp/gradletrans/out/androidbase`)
  - j2objc-androidbase-release (from `/Users/kgalligan/devel/xp/gradletrans/out/androidbase`)
  - j2objc-commons-io-debug (from `/Users/kgalligan/devel/xp/gradletrans/out/commons-io`)
  - j2objc-commons-io-release (from `/Users/kgalligan/devel/xp/gradletrans/out/commons-io`)
  - j2objc-commons-lang3-debug (from `/Users/kgalligan/devel/xp/gradletrans/out/commons-lang3`)
  - j2objc-commons-lang3-release (from `/Users/kgalligan/devel/xp/gradletrans/out/commons-lang3`)
  - j2objc-cupboard-debug (from `/Users/kgalligan/devel/xp/gradletrans/out/cupboard`)
  - j2objc-cupboard-release (from `/Users/kgalligan/devel/xp/gradletrans/out/cupboard`)
  - j2objc-eventbus-debug (from `/Users/kgalligan/devel/xp/gradletrans/out/eventbus`)
  - j2objc-eventbus-release (from `/Users/kgalligan/devel/xp/gradletrans/out/eventbus`)
  - j2objc-greendao-debug (from `/Users/kgalligan/devel/xp/gradletrans/out/greendao`)
  - j2objc-greendao-release (from `/Users/kgalligan/devel/xp/gradletrans/out/greendao`)
  - j2objc-gson-debug (from `/Users/kgalligan/devel/xp/gradletrans/out/gson`)
  - j2objc-gson-release (from `/Users/kgalligan/devel/xp/gradletrans/out/gson`)
  - j2objc-intellij-debug (from `/Users/kgalligan/devel/xp/gradletrans/out/intellij`)
  - j2objc-intellij-release (from `/Users/kgalligan/devel/xp/gradletrans/out/intellij`)
  - j2objc-javalib-debug (from `../javalib/build/j2objcOutputs`)
  - j2objc-javalib-release (from `../javalib/build/j2objcOutputs`)
  - j2objc-magicthreads-0.9.0-debug (from `/Users/kgalligan/devel/xp/gradletrans/out/magicthreads-0.9.0`)
  - j2objc-magicthreads-0.9.0-release (from `/Users/kgalligan/devel/xp/gradletrans/out/magicthreads-0.9.0`)
  - j2objc-retrofit-debug (from `/Users/kgalligan/devel/xp/gradletrans/out/retrofit`)
  - j2objc-retrofit-release (from `/Users/kgalligan/devel/xp/gradletrans/out/retrofit`)
  - j2objc-rxjava-debug (from `/Users/kgalligan/devel/xp/gradletrans/out/rxjava`)
  - j2objc-rxjava-release (from `/Users/kgalligan/devel/xp/gradletrans/out/rxjava`)
  - j2objc-squeakycore-debug (from `/Users/kgalligan/devel/xp/gradletrans/out/squeakycore`)
  - j2objc-squeakycore-release (from `/Users/kgalligan/devel/xp/gradletrans/out/squeakycore`)

EXTERNAL SOURCES:
  J2OBJC:
    :path: /Users/kgalligan/devel/j2objc/dist
  j2objc-androidbase-debug:
    :path: /Users/kgalligan/devel/xp/gradletrans/out/androidbase
  j2objc-androidbase-release:
    :path: /Users/kgalligan/devel/xp/gradletrans/out/androidbase
  j2objc-commons-io-debug:
    :path: /Users/kgalligan/devel/xp/gradletrans/out/commons-io
  j2objc-commons-io-release:
    :path: /Users/kgalligan/devel/xp/gradletrans/out/commons-io
  j2objc-commons-lang3-debug:
    :path: /Users/kgalligan/devel/xp/gradletrans/out/commons-lang3
  j2objc-commons-lang3-release:
    :path: /Users/kgalligan/devel/xp/gradletrans/out/commons-lang3
  j2objc-cupboard-debug:
    :path: /Users/kgalligan/devel/xp/gradletrans/out/cupboard
  j2objc-cupboard-release:
    :path: /Users/kgalligan/devel/xp/gradletrans/out/cupboard
  j2objc-eventbus-debug:
    :path: /Users/kgalligan/devel/xp/gradletrans/out/eventbus
  j2objc-eventbus-release:
    :path: /Users/kgalligan/devel/xp/gradletrans/out/eventbus
  j2objc-greendao-debug:
    :path: /Users/kgalligan/devel/xp/gradletrans/out/greendao
  j2objc-greendao-release:
    :path: /Users/kgalligan/devel/xp/gradletrans/out/greendao
  j2objc-gson-debug:
    :path: /Users/kgalligan/devel/xp/gradletrans/out/gson
  j2objc-gson-release:
    :path: /Users/kgalligan/devel/xp/gradletrans/out/gson
  j2objc-intellij-debug:
    :path: /Users/kgalligan/devel/xp/gradletrans/out/intellij
  j2objc-intellij-release:
    :path: /Users/kgalligan/devel/xp/gradletrans/out/intellij
  j2objc-javalib-debug:
    :path: ../javalib/build/j2objcOutputs
  j2objc-javalib-release:
    :path: ../javalib/build/j2objcOutputs
  j2objc-magicthreads-0.9.0-debug:
    :path: /Users/kgalligan/devel/xp/gradletrans/out/magicthreads-0.9.0
  j2objc-magicthreads-0.9.0-release:
    :path: /Users/kgalligan/devel/xp/gradletrans/out/magicthreads-0.9.0
  j2objc-retrofit-debug:
    :path: /Users/kgalligan/devel/xp/gradletrans/out/retrofit
  j2objc-retrofit-release:
    :path: /Users/kgalligan/devel/xp/gradletrans/out/retrofit
  j2objc-rxjava-debug:
    :path: /Users/kgalligan/devel/xp/gradletrans/out/rxjava
  j2objc-rxjava-release:
    :path: /Users/kgalligan/devel/xp/gradletrans/out/rxjava
  j2objc-squeakycore-debug:
    :path: /Users/kgalligan/devel/xp/gradletrans/out/squeakycore
  j2objc-squeakycore-release:
    :path: /Users/kgalligan/devel/xp/gradletrans/out/squeakycore

SPEC CHECKSUMS:
  J2OBJC: 1916b297a459b9d983b8f7a20e4683833646446a
  j2objc-androidbase-debug: b5877f3ab9a4e6f01350793adc21054d81104c29
  j2objc-androidbase-release: 67ff08d9b38635f4fc2abf6028d3b14f47b5433d
  j2objc-commons-io-debug: bbde42c207bf182df436d3bda4f7c79512109c0d
  j2objc-commons-io-release: c0572229e36e684dc4caf42fb5b5f98ffd95edca
  j2objc-commons-lang3-debug: ead4aa4096e840e948781c75fdf91172ec135445
  j2objc-commons-lang3-release: 235d00875220838e664c1849f5a10d4dbf317943
  j2objc-cupboard-debug: 5e91a135f020f75da17fd9e9aad9efd00bd188f9
  j2objc-cupboard-release: 5e4cea8cd7c0cb48bba55c0172158906b7b567f7
  j2objc-eventbus-debug: 735aa269219a165eabc525cc2595c718a6e40522
  j2objc-eventbus-release: 478e513da60e723cee46a89143b2b4c8d633984a
  j2objc-greendao-debug: 7c1a7c836731fd327bba8e847009ffa88d022d52
  j2objc-greendao-release: 5d9dd21e9bb32fdf68f5533f190732f2a48caccf
  j2objc-gson-debug: 18dba4c8edf9ae97a2ed750448ac27200ebb95cb
  j2objc-gson-release: 9a97c3ddbd57767be87cf48eb9374ff153350cc3
  j2objc-intellij-debug: d889a88e55bf40ca7c1f2cb36cdc05c632be055e
  j2objc-intellij-release: 4060a8810dbe57a991a1c969808df73b1a148dba
  j2objc-javalib-debug: 4380c0c6fca48b3fc636c8106f3530535b8724e1
  j2objc-javalib-release: 84b5d32bb96fe261090ffbd1e204043542f43dcb
  j2objc-magicthreads-0.9.0-debug: ec68f96f18db52fe055b3a326a1920466fd27a3e
  j2objc-magicthreads-0.9.0-release: efd2e807d25cce664a25bc7c27fb7a8781594913
  j2objc-retrofit-debug: d4b2f34655a512b43f79837caf04bc2750a48e84
  j2objc-retrofit-release: dc77d50a00da9495342ecc26dfad289f7e71a0f4
  j2objc-rxjava-debug: 3d3456b1888b9321da5066ba5ad75dbb5eb54bfc
  j2objc-rxjava-release: 00eda94358026f7eae5d5a52a4f94cd66adb3984
  j2objc-squeakycore-debug: b838f1f048c3f817e71b5b6fe67f55cca923204e
  j2objc-squeakycore-release: b4aa28e864239febece5864edf5af07c9e7c12fd

PODFILE CHECKSUM: 8f11e7cb06ce45b41214ef15f3bd2712954d196d

COCOAPODS: 1.0.0.beta.6
