PODS:
  - J2OBJC (1.0)
  - j2objc-androidbase-debug (1.0)
  - j2objc-androidbase-release (1.0)
  - j2objc-cupboard-debug (1.0)
  - j2objc-cupboard-release (1.0)
  - j2objc-eventbus-debug (1.0)
  - j2objc-eventbus-release (1.0)
  - j2objc-greendao-debug (1.0)
  - j2objc-greendao-release (1.0)
  - j2objc-gson-debug (1.0)
  - j2objc-gson-release (1.0)
  - j2objc-intellij-debug (1.0)
  - j2objc-intellij-release (1.0)
  - j2objc-javalib-debug (1.0)
  - j2objc-javalib-release (1.0)
  - j2objc-magicthreads-debug (1.0)
  - j2objc-magicthreads-release (1.0)
  - j2objc-retrofit-debug (1.0)
  - j2objc-retrofit-release (1.0)
  - j2objc-rxjava-debug (1.0)
  - j2objc-rxjava-release (1.0)
  - j2objc-squeakycore-debug (1.0)
  - j2objc-squeakycore-release (1.0)
  - j2objc-squeakyquery-debug (1.0)
  - j2objc-squeakyquery-release (1.0)

DEPENDENCIES:
  - J2OBJC (from `/Users/kgalligan/bin/j2objc-1.0.2`)
  - j2objc-androidbase-debug (from `../../../gradletrans/androidbase/trans/lib/build/j2objcOutputs`)
  - j2objc-androidbase-release (from `../../../gradletrans/androidbase/trans/lib/build/j2objcOutputs`)
  - j2objc-cupboard-debug (from `../../../gradletrans/cupboard/trans/cupboard/build/j2objcOutputs`)
  - j2objc-cupboard-release (from `../../../gradletrans/cupboard/trans/cupboard/build/j2objcOutputs`)
  - j2objc-eventbus-debug (from `../../../gradletrans/eventbus/trans/eb/build/j2objcOutputs`)
  - j2objc-eventbus-release (from `../../../gradletrans/eventbus/trans/eb/build/j2objcOutputs`)
  - j2objc-greendao-debug (from `../../../gradletrans/greendao/trans/greendao/build/j2objcOutputs`)
  - j2objc-greendao-release (from `../../../gradletrans/greendao/trans/greendao/build/j2objcOutputs`)
  - j2objc-gson-debug (from `../../../gradletrans/gson/trans/gson/build/j2objcOutputs`)
  - j2objc-gson-release (from `../../../gradletrans/gson/trans/gson/build/j2objcOutputs`)
  - j2objc-intellij-debug (from `../../../gradletrans/intellij/trans/intellij/build/j2objcOutputs`)
  - j2objc-intellij-release (from `../../../gradletrans/intellij/trans/intellij/build/j2objcOutputs`)
  - j2objc-javalib-debug (from `../javalib/build/j2objcOutputs`)
  - j2objc-javalib-release (from `../javalib/build/j2objcOutputs`)
  - j2objc-magicthreads-debug (from `../../../gradletrans/magicthreads/trans/magicthreads/build/j2objcOutputs`)
  - j2objc-magicthreads-release (from `../../../gradletrans/magicthreads/trans/magicthreads/build/j2objcOutputs`)
  - j2objc-retrofit-debug (from `../../../gradletrans/retrofit/trans/retrofit/build/j2objcOutputs`)
  - j2objc-retrofit-release (from `../../../gradletrans/retrofit/trans/retrofit/build/j2objcOutputs`)
  - j2objc-rxjava-debug (from `../../../gradletrans/rxjava/trans/rxjava/build/j2objcOutputs`)
  - j2objc-rxjava-release (from `../../../gradletrans/rxjava/trans/rxjava/build/j2objcOutputs`)
  - j2objc-squeakycore-debug (from `../../../gradletrans/squeaky/trans/core/build/j2objcOutputs`)
  - j2objc-squeakycore-release (from `../../../gradletrans/squeaky/trans/core/build/j2objcOutputs`)
  - j2objc-squeakyquery-debug (from `../../../gradletrans/squeaky/trans/query/build/j2objcOutputs`)
  - j2objc-squeakyquery-release (from `../../../gradletrans/squeaky/trans/query/build/j2objcOutputs`)

EXTERNAL SOURCES:
  J2OBJC:
    :path: /Users/kgalligan/bin/j2objc-1.0.2
  j2objc-androidbase-debug:
    :path: ../../../gradletrans/androidbase/trans/lib/build/j2objcOutputs
  j2objc-androidbase-release:
    :path: ../../../gradletrans/androidbase/trans/lib/build/j2objcOutputs
  j2objc-cupboard-debug:
    :path: ../../../gradletrans/cupboard/trans/cupboard/build/j2objcOutputs
  j2objc-cupboard-release:
    :path: ../../../gradletrans/cupboard/trans/cupboard/build/j2objcOutputs
  j2objc-eventbus-debug:
    :path: ../../../gradletrans/eventbus/trans/eb/build/j2objcOutputs
  j2objc-eventbus-release:
    :path: ../../../gradletrans/eventbus/trans/eb/build/j2objcOutputs
  j2objc-greendao-debug:
    :path: ../../../gradletrans/greendao/trans/greendao/build/j2objcOutputs
  j2objc-greendao-release:
    :path: ../../../gradletrans/greendao/trans/greendao/build/j2objcOutputs
  j2objc-gson-debug:
    :path: ../../../gradletrans/gson/trans/gson/build/j2objcOutputs
  j2objc-gson-release:
    :path: ../../../gradletrans/gson/trans/gson/build/j2objcOutputs
  j2objc-intellij-debug:
    :path: ../../../gradletrans/intellij/trans/intellij/build/j2objcOutputs
  j2objc-intellij-release:
    :path: ../../../gradletrans/intellij/trans/intellij/build/j2objcOutputs
  j2objc-javalib-debug:
    :path: ../javalib/build/j2objcOutputs
  j2objc-javalib-release:
    :path: ../javalib/build/j2objcOutputs
  j2objc-magicthreads-debug:
    :path: ../../../gradletrans/magicthreads/trans/magicthreads/build/j2objcOutputs
  j2objc-magicthreads-release:
    :path: ../../../gradletrans/magicthreads/trans/magicthreads/build/j2objcOutputs
  j2objc-retrofit-debug:
    :path: ../../../gradletrans/retrofit/trans/retrofit/build/j2objcOutputs
  j2objc-retrofit-release:
    :path: ../../../gradletrans/retrofit/trans/retrofit/build/j2objcOutputs
  j2objc-rxjava-debug:
    :path: ../../../gradletrans/rxjava/trans/rxjava/build/j2objcOutputs
  j2objc-rxjava-release:
    :path: ../../../gradletrans/rxjava/trans/rxjava/build/j2objcOutputs
  j2objc-squeakycore-debug:
    :path: ../../../gradletrans/squeaky/trans/core/build/j2objcOutputs
  j2objc-squeakycore-release:
    :path: ../../../gradletrans/squeaky/trans/core/build/j2objcOutputs
  j2objc-squeakyquery-debug:
    :path: ../../../gradletrans/squeaky/trans/query/build/j2objcOutputs
  j2objc-squeakyquery-release:
    :path: ../../../gradletrans/squeaky/trans/query/build/j2objcOutputs

SPEC CHECKSUMS:
  J2OBJC: 1916b297a459b9d983b8f7a20e4683833646446a
  j2objc-androidbase-debug: 44c4c9502c9ad107f4520c686cf7762f63ce47c3
  j2objc-androidbase-release: a9795c1290c0962bcf1c3d30410918a31edd2063
  j2objc-cupboard-debug: eac5300c5bc19e7d49112b0529bb71bfa12bb4df
  j2objc-cupboard-release: c5dce2557d7a29188600406c5974288219a12345
  j2objc-eventbus-debug: 708a2ca8fddb8030345977b288648c9a23d923b0
  j2objc-eventbus-release: 5b501de953d09494a1294bbbc4e92d8b594a6f39
  j2objc-greendao-debug: 6ee79587251021331b6c0940144b70eb80a91375
  j2objc-greendao-release: 8d41f0d7751b073504ccc105aaa8a496493b49d9
  j2objc-gson-debug: 2c27bcb6065e7aa3f5186b862de496d5ef78f9c7
  j2objc-gson-release: d6ec1fa34a7804ba837103ebf10e7956150012ae
  j2objc-intellij-debug: 628ec6d973e8db2d95fb9577463505363d1c9b27
  j2objc-intellij-release: c83e499d7bf5452dd79b1dd79248b39572f05c91
  j2objc-javalib-debug: 7a5f3d77b0bbbda1b821058dbfea9ab10df4d416
  j2objc-javalib-release: b9cbeaee3e15fcec3b472506e1dadd01f69dc512
  j2objc-magicthreads-debug: 5d1b848f9c6f80bda60c0e7f460431be50d4a5a4
  j2objc-magicthreads-release: 9fe48b676f0e0e72dc82c123b2ea92a727713acf
  j2objc-retrofit-debug: a0ec75f395df6a684ac9ebcbfd1a11bf87cc52f7
  j2objc-retrofit-release: ae8a4cffd664264821549410e250bab974cf9bd2
  j2objc-rxjava-debug: c05b2b72462ba46c8d573976dcd6ce0ee9ccd37f
  j2objc-rxjava-release: db9af545be5919dbcfab3ae017e5dbf8ad499cd0
  j2objc-squeakycore-debug: c735cf599118f975ea4b0a4592bda8cdc8877950
  j2objc-squeakycore-release: a5d2f3870e051d2b3a5607b90d54a8f35dfda945
  j2objc-squeakyquery-debug: 10e9179ef9319155034159f31ba8cd9ae40174d7
  j2objc-squeakyquery-release: 528c2580ffbd495e7d04bf972622310df07f9992

PODFILE CHECKSUM: 6d325b075eabb329e7e80af6b23174a5ab7df1d2

COCOAPODS: 1.0.0.beta.6
