PODS:
  - J2OBJC (1.0)
  - j2objc-androidbase-debug (1.0)
  - j2objc-androidbase-release (1.0)
  - j2objc-cupboard-debug (1.0)
  - j2objc-cupboard-release (1.0)
  - j2objc-eventbus-debug (1.0)
  - j2objc-eventbus-release (1.0)
  - j2objc-greendao-debug (1.0)
  - j2objc-greendao-release (1.0)
  - j2objc-gson-debug (1.0)
  - j2objc-gson-release (1.0)
  - j2objc-intellij-debug (1.0)
  - j2objc-intellij-release (1.0)
  - j2objc-javalib-debug (1.0)
  - j2objc-javalib-release (1.0)
  - j2objc-magicthreads-debug (1.0)
  - j2objc-magicthreads-release (1.0)
  - j2objc-retrofit-debug (1.0)
  - j2objc-retrofit-release (1.0)
  - j2objc-rxjava-debug (1.0)
  - j2objc-rxjava-release (1.0)
  - j2objc-squeakycore-debug (1.0)
  - j2objc-squeakycore-release (1.0)
  - j2objc-squeakyquery-debug (1.0)
  - j2objc-squeakyquery-release (1.0)

DEPENDENCIES:
  - J2OBJC (from `/Users/kgalligan/bin/j2objc-1.0.2`)
  - j2objc-androidbase-debug (from `../../../gradletrans/androidbase/trans/lib/build/j2objcOutputs`)
  - j2objc-androidbase-release (from `../../../gradletrans/androidbase/trans/lib/build/j2objcOutputs`)
  - j2objc-cupboard-debug (from `../../../gradletrans/cupboard/trans/cupboard/build/j2objcOutputs`)
  - j2objc-cupboard-release (from `../../../gradletrans/cupboard/trans/cupboard/build/j2objcOutputs`)
  - j2objc-eventbus-debug (from `../../../gradletrans/eventbus/trans/eb/build/j2objcOutputs`)
  - j2objc-eventbus-release (from `../../../gradletrans/eventbus/trans/eb/build/j2objcOutputs`)
  - j2objc-greendao-debug (from `../../../gradletrans/greendao/trans/greendao/build/j2objcOutputs`)
  - j2objc-greendao-release (from `../../../gradletrans/greendao/trans/greendao/build/j2objcOutputs`)
  - j2objc-gson-debug (from `../../../gradletrans/gson/trans/gson/build/j2objcOutputs`)
  - j2objc-gson-release (from `../../../gradletrans/gson/trans/gson/build/j2objcOutputs`)
  - j2objc-intellij-debug (from `../../../gradletrans/intellij/trans/intellij/build/j2objcOutputs`)
  - j2objc-intellij-release (from `../../../gradletrans/intellij/trans/intellij/build/j2objcOutputs`)
  - j2objc-javalib-debug (from `../javalib/build/j2objcOutputs`)
  - j2objc-javalib-release (from `../javalib/build/j2objcOutputs`)
  - j2objc-magicthreads-debug (from `../../../gradletrans/magicthreads/trans/magicthreads/build/j2objcOutputs`)
  - j2objc-magicthreads-release (from `../../../gradletrans/magicthreads/trans/magicthreads/build/j2objcOutputs`)
  - j2objc-retrofit-debug (from `../../../gradletrans/retrofit/trans/retrofit/build/j2objcOutputs`)
  - j2objc-retrofit-release (from `../../../gradletrans/retrofit/trans/retrofit/build/j2objcOutputs`)
  - j2objc-rxjava-debug (from `../../../gradletrans/rxjava/trans/rxjava/build/j2objcOutputs`)
  - j2objc-rxjava-release (from `../../../gradletrans/rxjava/trans/rxjava/build/j2objcOutputs`)
  - j2objc-squeakycore-debug (from `../../../gradletrans/squeaky/trans/core/build/j2objcOutputs`)
  - j2objc-squeakycore-release (from `../../../gradletrans/squeaky/trans/core/build/j2objcOutputs`)
  - j2objc-squeakyquery-debug (from `../../../gradletrans/squeaky/trans/query/build/j2objcOutputs`)
  - j2objc-squeakyquery-release (from `../../../gradletrans/squeaky/trans/query/build/j2objcOutputs`)

EXTERNAL SOURCES:
  J2OBJC:
    :path: /Users/kgalligan/bin/j2objc-1.0.2
  j2objc-androidbase-debug:
    :path: ../../../gradletrans/androidbase/trans/lib/build/j2objcOutputs
  j2objc-androidbase-release:
    :path: ../../../gradletrans/androidbase/trans/lib/build/j2objcOutputs
  j2objc-cupboard-debug:
    :path: ../../../gradletrans/cupboard/trans/cupboard/build/j2objcOutputs
  j2objc-cupboard-release:
    :path: ../../../gradletrans/cupboard/trans/cupboard/build/j2objcOutputs
  j2objc-eventbus-debug:
    :path: ../../../gradletrans/eventbus/trans/eb/build/j2objcOutputs
  j2objc-eventbus-release:
    :path: ../../../gradletrans/eventbus/trans/eb/build/j2objcOutputs
  j2objc-greendao-debug:
    :path: ../../../gradletrans/greendao/trans/greendao/build/j2objcOutputs
  j2objc-greendao-release:
    :path: ../../../gradletrans/greendao/trans/greendao/build/j2objcOutputs
  j2objc-gson-debug:
    :path: ../../../gradletrans/gson/trans/gson/build/j2objcOutputs
  j2objc-gson-release:
    :path: ../../../gradletrans/gson/trans/gson/build/j2objcOutputs
  j2objc-intellij-debug:
    :path: ../../../gradletrans/intellij/trans/intellij/build/j2objcOutputs
  j2objc-intellij-release:
    :path: ../../../gradletrans/intellij/trans/intellij/build/j2objcOutputs
  j2objc-javalib-debug:
    :path: ../javalib/build/j2objcOutputs
  j2objc-javalib-release:
    :path: ../javalib/build/j2objcOutputs
  j2objc-magicthreads-debug:
    :path: ../../../gradletrans/magicthreads/trans/magicthreads/build/j2objcOutputs
  j2objc-magicthreads-release:
    :path: ../../../gradletrans/magicthreads/trans/magicthreads/build/j2objcOutputs
  j2objc-retrofit-debug:
    :path: ../../../gradletrans/retrofit/trans/retrofit/build/j2objcOutputs
  j2objc-retrofit-release:
    :path: ../../../gradletrans/retrofit/trans/retrofit/build/j2objcOutputs
  j2objc-rxjava-debug:
    :path: ../../../gradletrans/rxjava/trans/rxjava/build/j2objcOutputs
  j2objc-rxjava-release:
    :path: ../../../gradletrans/rxjava/trans/rxjava/build/j2objcOutputs
  j2objc-squeakycore-debug:
    :path: ../../../gradletrans/squeaky/trans/core/build/j2objcOutputs
  j2objc-squeakycore-release:
    :path: ../../../gradletrans/squeaky/trans/core/build/j2objcOutputs
  j2objc-squeakyquery-debug:
    :path: ../../../gradletrans/squeaky/trans/query/build/j2objcOutputs
  j2objc-squeakyquery-release:
    :path: ../../../gradletrans/squeaky/trans/query/build/j2objcOutputs

SPEC CHECKSUMS:
  J2OBJC: 1916b297a459b9d983b8f7a20e4683833646446a
  j2objc-androidbase-debug: b4a2347bff63587e7d55c27f927352986b2e268e
  j2objc-androidbase-release: 43c3906542093c35009436fc092902da7d0f10d3
  j2objc-cupboard-debug: eff9170b9fc7167cac5fdae048222ca62bc91caa
  j2objc-cupboard-release: f76640c607b58dd4aa605c8b7cb9991f7b18dcfb
  j2objc-eventbus-debug: d0479c75da9923ef901266c0322deff8fdd8d887
  j2objc-eventbus-release: 177b8dd147d726a4c235f08d05cade9644c8038a
  j2objc-greendao-debug: 14f1e4bfc380737c6101a4b83245631890112516
  j2objc-greendao-release: 2bf5af46acad94e7cb2c36f3accff05eba52430b
  j2objc-gson-debug: 0b8b88485dbe8c1df5f547e643c42625b5e54c8a
  j2objc-gson-release: b936be18bd627cba6ee1290f1e1050998b7b6676
  j2objc-intellij-debug: a085750959a15d7db3aa6a9955ca8be3c73e689c
  j2objc-intellij-release: 34bfee6d41f964432c8598202ca36876556e8839
  j2objc-javalib-debug: 6d39c290e6999d705ad1e77501ab49c793af17cc
  j2objc-javalib-release: 38a5942240d7d1ec9d70a0fe4149dda9f9923d23
  j2objc-magicthreads-debug: 429e2d9e7220d32d071eed3658dfe22cdafa7590
  j2objc-magicthreads-release: 4502952fdf57eb0812631dc3897b1303ba9a7955
  j2objc-retrofit-debug: 341d267a3c285a97516716ac191281d2137262a4
  j2objc-retrofit-release: 693907bff7df01169a498491ffe28ecf58f511fb
  j2objc-rxjava-debug: b5276ed22bde2970db497d121b0fa824cebc03c4
  j2objc-rxjava-release: 7daabd5c9e667a66751f7bb4e1e625e8fa74beed
  j2objc-squeakycore-debug: b115ebca24ea5bfd7c670adffd8a4ca24e3705d7
  j2objc-squeakycore-release: be6705eaa67a8554dedd33b7e0eb052285450bd7
  j2objc-squeakyquery-debug: 0bb0eb2574c851d6ff28b2f91af1a6b4692c6118
  j2objc-squeakyquery-release: 6573cb4ffd4837a1607450c305be430c615404fc

PODFILE CHECKSUM: 25dd3bc21d916651e76cfe761c946a634019cca5

COCOAPODS: 1.0.0.beta.6
