// !$*UTF8*$!
{
	archiveVersion = 1;
	classes = {
	};
	objectVersion = 46;
	objects = {

/* Begin PBXBuildFile section */
		635431BD1CA41CEA004D6DB4 /* MagicThreads.h in CopyFiles */ = {isa = PBXBuildFile; fileRef = 635431BC1CA41CEA004D6DB4 /* MagicThreads.h */; };
		635431BF1CA41CEA004D6DB4 /* MagicThreads.m in Sources */ = {isa = PBXBuildFile; fileRef = 635431BE1CA41CEA004D6DB4 /* MagicThreads.m */; };
/* End PBXBuildFile section */

/* Begin PBXCopyFilesBuildPhase section */
		635431B71CA41CEA004D6DB4 /* CopyFiles */ = {
			isa = PBXCopyFilesBuildPhase;
			buildActionMask = 2147483647;
			dstPath = "include/$(PRODUCT_NAME)";
			dstSubfolderSpec = 16;
			files = (
				635431BD1CA41CEA004D6DB4 /* MagicThreads.h in CopyFiles */,
			);
			runOnlyForDeploymentPostprocessing = 0;
		};
/* End PBXCopyFilesBuildPhase section */

/* Begin PBXFileReference section */
		635431B91CA41CEA004D6DB4 /* libMagicThreads.a */ = {isa = PBXFileReference; explicitFileType = archive.ar; includeInIndex = 0; path = libMagicThreads.a; sourceTree = BUILT_PRODUCTS_DIR; };
		635431BC1CA41CEA004D6DB4 /* MagicThreads.h */ = {isa = PBXFileReference; lastKnownFileType = sourcecode.c.h; path = MagicThreads.h; sourceTree = "<group>"; };
		635431BE1CA41CEA004D6DB4 /* MagicThreads.m */ = {isa = PBXFileReference; lastKnownFileType = sourcecode.c.objc; path = MagicThreads.m; sourceTree = "<group>"; };
/* End PBXFileReference section */

/* Begin PBXFrameworksBuildPhase section */
		635431B61CA41CEA004D6DB4 /* Frameworks */ = {
			isa = PBXFrameworksBuildPhase;
			buildActionMask = 2147483647;
			files = (
			);
			runOnlyForDeploymentPostprocessing = 0;
		};
/* End PBXFrameworksBuildPhase section */

/* Begin PBXGroup section */
		635431B01CA41CEA004D6DB4 = {
			isa = PBXGroup;
			children = (
				635431BB1CA41CEA004D6DB4 /* MagicThreads */,
				635431BA1CA41CEA004D6DB4 /* Products */,
			);
			sourceTree = "<group>";
		};
		635431BA1CA41CEA004D6DB4 /* Products */ = {
			isa = PBXGroup;
			children = (
				635431B91CA41CEA004D6DB4 /* libMagicThreads.a */,
			);
			name = Products;
			sourceTree = "<group>";
		};
		635431BB1CA41CEA004D6DB4 /* MagicThreads */ = {
			isa = PBXGroup;
			children = (
				635431BC1CA41CEA004D6DB4 /* MagicThreads.h */,
				635431BE1CA41CEA004D6DB4 /* MagicThreads.m */,
			);
			path = MagicThreads;
			sourceTree = "<group>";
		};
/* End PBXGroup section */

/* Begin PBXNativeTarget section */
		635431B81CA41CEA004D6DB4 /* MagicThreads */ = {
			isa = PBXNativeTarget;
			buildConfigurationList = 635431C21CA41CEA004D6DB4 /* Build configuration list for PBXNativeTarget "MagicThreads" */;
			buildPhases = (
				635431B51CA41CEA004D6DB4 /* Sources */,
				635431B61CA41CEA004D6DB4 /* Frameworks */,
				635431B71CA41CEA004D6DB4 /* CopyFiles */,
			);
			buildRules = (
			);
			dependencies = (
			);
			name = MagicThreads;
			productName = MagicThreads;
			productReference = 635431B91CA41CEA004D6DB4 /* libMagicThreads.a */;
			productType = "com.apple.product-type.library.static";
		};
/* End PBXNativeTarget section */

/* Begin PBXProject section */
		635431B11CA41CEA004D6DB4 /* Project object */ = {
			isa = PBXProject;
			attributes = {
				LastUpgradeCheck = 0720;
				ORGANIZATIONNAME = "Kevin Galligan";
				TargetAttributes = {
					635431B81CA41CEA004D6DB4 = {
						CreatedOnToolsVersion = 7.2;
					};
				};
			};
			buildConfigurationList = 635431B41CA41CEA004D6DB4 /* Build configuration list for PBXProject "MagicThreads" */;
			compatibilityVersion = "Xcode 3.2";
			developmentRegion = English;
			hasScannedForEncodings = 0;
			knownRegions = (
				en,
			);
			mainGroup = 635431B01CA41CEA004D6DB4;
			productRefGroup = 635431BA1CA41CEA004D6DB4 /* Products */;
			projectDirPath = "";
			projectRoot = "";
			targets = (
				635431B81CA41CEA004D6DB4 /* MagicThreads */,
			);
		};
/* End PBXProject section */

/* Begin PBXSourcesBuildPhase section */
		635431B51CA41CEA004D6DB4 /* Sources */ = {
			isa = PBXSourcesBuildPhase;
			buildActionMask = 2147483647;
			files = (
				635431BF1CA41CEA004D6DB4 /* MagicThreads.m in Sources */,
			);
			runOnlyForDeploymentPostprocessing = 0;
		};
/* End PBXSourcesBuildPhase section */

/* Begin XCBuildConfiguration section */
		635431C01CA41CEA004D6DB4 /* Debug */ = {
			isa = XCBuildConfiguration;
			buildSettings = {
				ALWAYS_SEARCH_USER_PATHS = NO;
				CLANG_CXX_LANGUAGE_STANDARD = "gnu++0x";
				CLANG_CXX_LIBRARY = "libc++";
				CLANG_ENABLE_MODULES = YES;
				CLANG_ENABLE_OBJC_ARC = YES;
				CLANG_WARN_BOOL_CONVERSION = YES;
				CLANG_WARN_CONSTANT_CONVERSION = YES;
				CLANG_WARN_DIRECT_OBJC_ISA_USAGE = YES_ERROR;
				CLANG_WARN_EMPTY_BODY = YES;
				CLANG_WARN_ENUM_CONVERSION = YES;
				CLANG_WARN_INT_CONVERSION = YES;
				CLANG_WARN_OBJC_ROOT_CLASS = YES_ERROR;
				CLANG_WARN_UNREACHABLE_CODE = YES;
				CLANG_WARN__DUPLICATE_METHOD_MATCH = YES;
				"CODE_SIGN_IDENTITY[sdk=iphoneos*]" = "iPhone Developer";
				COPY_PHASE_STRIP = NO;
				DEBUG_INFORMATION_FORMAT = dwarf;
				ENABLE_STRICT_OBJC_MSGSEND = YES;
				ENABLE_TESTABILITY = YES;
				GCC_C_LANGUAGE_STANDARD = gnu99;
				GCC_DYNAMIC_NO_PIC = NO;
				GCC_NO_COMMON_BLOCKS = YES;
				GCC_OPTIMIZATION_LEVEL = 0;
				GCC_PREPROCESSOR_DEFINITIONS = (
					"DEBUG=1",
					"$(inherited)",
				);
				GCC_WARN_64_TO_32_BIT_CONVERSION = YES;
				GCC_WARN_ABOUT_RETURN_TYPE = YES_ERROR;
				GCC_WARN_UNDECLARED_SELECTOR = YES;
				GCC_WARN_UNINITIALIZED_AUTOS = YES_AGGRESSIVE;
				GCC_WARN_UNUSED_FUNCTION = YES;
				GCC_WARN_UNUSED_VARIABLE = YES;
				IPHONEOS_DEPLOYMENT_TARGET = 9.2;
				MTL_ENABLE_DEBUG_INFO = YES;
				ONLY_ACTIVE_ARCH = YES;
				SDKROOT = iphoneos;
			};
			name = Debug;
		};
		635431C11CA41CEA004D6DB4 /* Release */ = {
			isa = XCBuildConfiguration;
			buildSettings = {
				ALWAYS_SEARCH_USER_PATHS = NO;
				CLANG_CXX_LANGUAGE_STANDARD = "gnu++0x";
				CLANG_CXX_LIBRARY = "libc++";
				CLANG_ENABLE_MODULES = YES;
				CLANG_ENABLE_OBJC_ARC = YES;
				CLANG_WARN_BOOL_CONVERSION = YES;
				CLANG_WARN_CONSTANT_CONVERSION = YES;
				CLANG_WARN_DIRECT_OBJC_ISA_USAGE = YES_ERROR;
				CLANG_WARN_EMPTY_BODY = YES;
				CLANG_WARN_ENUM_CONVERSION = YES;
				CLANG_WARN_INT_CONVERSION = YES;
				CLANG_WARN_OBJC_ROOT_CLASS = YES_ERROR;
				CLANG_WARN_UNREACHABLE_CODE = YES;
				CLANG_WARN__DUPLICATE_METHOD_MATCH = YES;
				"CODE_SIGN_IDENTITY[sdk=iphoneos*]" = "iPhone Developer";
				COPY_PHASE_STRIP = NO;
				DEBUG_INFORMATION_FORMAT = "dwarf-with-dsym";
				ENABLE_NS_ASSERTIONS = NO;
				ENABLE_STRICT_OBJC_MSGSEND = YES;
				GCC_C_LANGUAGE_STANDARD = gnu99;
				GCC_NO_COMMON_BLOCKS = YES;
				GCC_WARN_64_TO_32_BIT_CONVERSION = YES;
				GCC_WARN_ABOUT_RETURN_TYPE = YES_ERROR;
				GCC_WARN_UNDECLARED_SELECTOR = YES;
				GCC_WARN_UNINITIALIZED_AUTOS = YES_AGGRESSIVE;
				GCC_WARN_UNUSED_FUNCTION = YES;
				GCC_WARN_UNUSED_VARIABLE = YES;
				IPHONEOS_DEPLOYMENT_TARGET = 9.2;
				MTL_ENABLE_DEBUG_INFO = NO;
				SDKROOT = iphoneos;
				VALIDATE_PRODUCT = YES;
			};
			name = Release;
		};
		635431C31CA41CEA004D6DB4 /* Debug */ = {
			isa = XCBuildConfiguration;
			buildSettings = {
				OTHER_LDFLAGS = "-ObjC";
				PRODUCT_NAME = "$(TARGET_NAME)";
				SKIP_INSTALL = YES;
			};
			name = Debug;
		};
		635431C41CA41CEA004D6DB4 /* Release */ = {
			isa = XCBuildConfiguration;
			buildSettings = {
				OTHER_LDFLAGS = "-ObjC";
				PRODUCT_NAME = "$(TARGET_NAME)";
				SKIP_INSTALL = YES;
			};
			name = Release;
		};
/* End XCBuildConfiguration section */

/* Begin XCConfigurationList section */
		635431B41CA41CEA004D6DB4 /* Build configuration list for PBXProject "MagicThreads" */ = {
			isa = XCConfigurationList;
			buildConfigurations = (
				635431C01CA41CEA004D6DB4 /* Debug */,
				635431C11CA41CEA004D6DB4 /* Release */,
			);
			defaultConfigurationIsVisible = 0;
			defaultConfigurationName = Release;
		};
		635431C21CA41CEA004D6DB4 /* Build configuration list for PBXNativeTarget "MagicThreads" */ = {
			isa = XCConfigurationList;
			buildConfigurations = (
				635431C31CA41CEA004D6DB4 /* Debug */,
				635431C41CA41CEA004D6DB4 /* Release */,
			);
			defaultConfigurationIsVisible = 0;
		};
/* End XCConfigurationList section */
	};
	rootObject = 635431B11CA41CEA004D6DB4 /* Project object */;
}
