// !$*UTF8*$!
{
	archiveVersion = 1;
	classes = {
	};
	objectVersion = 46;
	objects = {

/* Begin PBXBuildFile section */
		631B98F01C7D6533008AA20D /* main.m in Sources */ = {isa = PBXBuildFile; fileRef = 631B98EF1C7D6533008AA20D /* main.m */; };
		631B98F31C7D6533008AA20D /* AppDelegate.m in Sources */ = {isa = PBXBuildFile; fileRef = 631B98F21C7D6533008AA20D /* AppDelegate.m */; };
		631B98F61C7D6533008AA20D /* ViewController.m in Sources */ = {isa = PBXBuildFile; fileRef = 631B98F51C7D6533008AA20D /* ViewController.m */; };
		631B98F91C7D6533008AA20D /* Main.storyboard in Resources */ = {isa = PBXBuildFile; fileRef = 631B98F71C7D6533008AA20D /* Main.storyboard */; };
		631B98FB1C7D6533008AA20D /* Assets.xcassets in Resources */ = {isa = PBXBuildFile; fileRef = 631B98FA1C7D6533008AA20D /* Assets.xcassets */; };
		631B98FE1C7D6533008AA20D /* LaunchScreen.storyboard in Resources */ = {isa = PBXBuildFile; fileRef = 631B98FC1C7D6533008AA20D /* LaunchScreen.storyboard */; };
		631B99091C7D6533008AA20D /* iosTests.m in Sources */ = {isa = PBXBuildFile; fileRef = 631B99081C7D6533008AA20D /* iosTests.m */; };
		631B99141C7D6533008AA20D /* iosUITests.m in Sources */ = {isa = PBXBuildFile; fileRef = 631B99131C7D6533008AA20D /* iosUITests.m */; };
		63EE30771CC2CE8700B64D3D /* GoogleService-Info.plist in Resources */ = {isa = PBXBuildFile; fileRef = 63EE30761CC2CE8700B64D3D /* GoogleService-Info.plist */; };
		A842C04EE493F921814D210F /* libPods-iosTests.a in Frameworks */ = {isa = PBXBuildFile; fileRef = 06D42FB4A8B88AE64821B7E8 /* libPods-iosTests.a */; };
		AAF5E2779B803CA534CFC949 /* libPods-iosUITests.a in Frameworks */ = {isa = PBXBuildFile; fileRef = 3BD8F26D64159CD133170ED4 /* libPods-iosUITests.a */; };
		E892ED366CFA70A9CEC9087C /* libPods-ios.a in Frameworks */ = {isa = PBXBuildFile; fileRef = 96945540333DB71F61C263B6 /* libPods-ios.a */; };
		FA258F5E1C934BA200986E0D /* dataseed.json in Resources */ = {isa = PBXBuildFile; fileRef = FA258F5D1C934BA200986E0D /* dataseed.json */; };
		FA258F611C937F5900986E0D /* NoteTableViewCell.xib in Resources */ = {isa = PBXBuildFile; fileRef = FA258F601C937F5900986E0D /* NoteTableViewCell.xib */; };
		FA258F641C9381C600986E0D /* NoteTableViewCell.m in Sources */ = {isa = PBXBuildFile; fileRef = FA258F631C9381C600986E0D /* NoteTableViewCell.m */; };
		FA6128BF1C986E05001142E8 /* SpeakerTableViewCell.swift in Sources */ = {isa = PBXBuildFile; fileRef = FA6128BE1C986E05001142E8 /* SpeakerTableViewCell.swift */; };
		FA6128C11C986E16001142E8 /* SpeakerTableViewCell.xib in Resources */ = {isa = PBXBuildFile; fileRef = FA6128C01C986E16001142E8 /* SpeakerTableViewCell.xib */; };
		FA6128C31C986E7A001142E8 /* EventTableViewCell.xib in Resources */ = {isa = PBXBuildFile; fileRef = FA6128C21C986E7A001142E8 /* EventTableViewCell.xib */; };
		FA6128C51C986E87001142E8 /* EventTableViewCell.swift in Sources */ = {isa = PBXBuildFile; fileRef = FA6128C41C986E87001142E8 /* EventTableViewCell.swift */; };
		FA86A7F81C91EDDE00C09CE7 /* PlatformContext_iOS.m in Sources */ = {isa = PBXBuildFile; fileRef = FA86A7F71C91EDDE00C09CE7 /* PlatformContext_iOS.m */; };
		FAE033A41C9711F8001C50E1 /* prefixes.properties in Resources */ = {isa = PBXBuildFile; fileRef = FAE033A31C9711F8001C50E1 /* prefixes.properties */; };
		FAE033A61C974C65001C50E1 /* ShowEventDetailViewController.swift in Sources */ = {isa = PBXBuildFile; fileRef = FAE033A51C974C65001C50E1 /* ShowEventDetailViewController.swift */; };
/* End PBXBuildFile section */

/* Begin PBXContainerItemProxy section */
		631B99051C7D6533008AA20D /* PBXContainerItemProxy */ = {
			isa = PBXContainerItemProxy;
			containerPortal = 631B98E31C7D6533008AA20D /* Project object */;
			proxyType = 1;
			remoteGlobalIDString = 631B98EA1C7D6533008AA20D;
			remoteInfo = ios;
		};
		631B99101C7D6533008AA20D /* PBXContainerItemProxy */ = {
			isa = PBXContainerItemProxy;
			containerPortal = 631B98E31C7D6533008AA20D /* Project object */;
			proxyType = 1;
			remoteGlobalIDString = 631B98EA1C7D6533008AA20D;
			remoteInfo = ios;
		};
/* End PBXContainerItemProxy section */

/* Begin PBXFileReference section */
		06D42FB4A8B88AE64821B7E8 /* libPods-iosTests.a */ = {isa = PBXFileReference; explicitFileType = archive.ar; includeInIndex = 0; path = "libPods-iosTests.a"; sourceTree = BUILT_PRODUCTS_DIR; };
		23914ED05B4C391D7B642F70 /* Pods-iosUITests.debug.xcconfig */ = {isa = PBXFileReference; includeInIndex = 1; lastKnownFileType = text.xcconfig; name = "Pods-iosUITests.debug.xcconfig"; path = "Pods/Target Support Files/Pods-iosUITests/Pods-iosUITests.debug.xcconfig"; sourceTree = "<group>"; };
		25FA9E7B87726CEEE6EFAE7F /* Pods-ios.release.xcconfig */ = {isa = PBXFileReference; includeInIndex = 1; lastKnownFileType = text.xcconfig; name = "Pods-ios.release.xcconfig"; path = "Pods/Target Support Files/Pods-ios/Pods-ios.release.xcconfig"; sourceTree = "<group>"; };
		281DA7F1FC55C7B93154D081 /* Pods-iosTests.debug.xcconfig */ = {isa = PBXFileReference; includeInIndex = 1; lastKnownFileType = text.xcconfig; name = "Pods-iosTests.debug.xcconfig"; path = "Pods/Target Support Files/Pods-iosTests/Pods-iosTests.debug.xcconfig"; sourceTree = "<group>"; };
		3BD8F26D64159CD133170ED4 /* libPods-iosUITests.a */ = {isa = PBXFileReference; explicitFileType = archive.ar; includeInIndex = 0; path = "libPods-iosUITests.a"; sourceTree = BUILT_PRODUCTS_DIR; };
		631B98EB1C7D6533008AA20D /* ios.app */ = {isa = PBXFileReference; explicitFileType = wrapper.application; includeInIndex = 0; path = ios.app; sourceTree = BUILT_PRODUCTS_DIR; };
		631B98EF1C7D6533008AA20D /* main.m */ = {isa = PBXFileReference; lastKnownFileType = sourcecode.c.objc; path = main.m; sourceTree = "<group>"; };
		631B98F11C7D6533008AA20D /* AppDelegate.h */ = {isa = PBXFileReference; lastKnownFileType = sourcecode.c.h; path = AppDelegate.h; sourceTree = "<group>"; };
		631B98F21C7D6533008AA20D /* AppDelegate.m */ = {isa = PBXFileReference; lastKnownFileType = sourcecode.c.objc; path = AppDelegate.m; sourceTree = "<group>"; };
		631B98F41C7D6533008AA20D /* ViewController.h */ = {isa = PBXFileReference; lastKnownFileType = sourcecode.c.h; path = ViewController.h; sourceTree = "<group>"; };
		631B98F51C7D6533008AA20D /* ViewController.m */ = {isa = PBXFileReference; lastKnownFileType = sourcecode.c.objc; path = ViewController.m; sourceTree = "<group>"; };
		631B98F81C7D6533008AA20D /* Base */ = {isa = PBXFileReference; lastKnownFileType = file.storyboard; name = Base; path = Base.lproj/Main.storyboard; sourceTree = "<group>"; };
		631B98FA1C7D6533008AA20D /* Assets.xcassets */ = {isa = PBXFileReference; lastKnownFileType = folder.assetcatalog; path = Assets.xcassets; sourceTree = "<group>"; };
		631B98FD1C7D6533008AA20D /* Base */ = {isa = PBXFileReference; lastKnownFileType = file.storyboard; name = Base; path = Base.lproj/LaunchScreen.storyboard; sourceTree = "<group>"; };
		631B98FF1C7D6533008AA20D /* Info.plist */ = {isa = PBXFileReference; lastKnownFileType = text.plist.xml; path = Info.plist; sourceTree = "<group>"; };
		631B99041C7D6533008AA20D /* iosTests.xctest */ = {isa = PBXFileReference; explicitFileType = wrapper.cfbundle; includeInIndex = 0; path = iosTests.xctest; sourceTree = BUILT_PRODUCTS_DIR; };
		631B99081C7D6533008AA20D /* iosTests.m */ = {isa = PBXFileReference; lastKnownFileType = sourcecode.c.objc; path = iosTests.m; sourceTree = "<group>"; };
		631B990A1C7D6533008AA20D /* Info.plist */ = {isa = PBXFileReference; lastKnownFileType = text.plist.xml; path = Info.plist; sourceTree = "<group>"; };
		631B990F1C7D6533008AA20D /* iosUITests.xctest */ = {isa = PBXFileReference; explicitFileType = wrapper.cfbundle; includeInIndex = 0; path = iosUITests.xctest; sourceTree = BUILT_PRODUCTS_DIR; };
		631B99131C7D6533008AA20D /* iosUITests.m */ = {isa = PBXFileReference; lastKnownFileType = sourcecode.c.objc; path = iosUITests.m; sourceTree = "<group>"; };
		631B99151C7D6533008AA20D /* Info.plist */ = {isa = PBXFileReference; lastKnownFileType = text.plist.xml; path = Info.plist; sourceTree = "<group>"; };
		63EE30761CC2CE8700B64D3D /* GoogleService-Info.plist */ = {isa = PBXFileReference; fileEncoding = 4; lastKnownFileType = text.plist.xml; name = "GoogleService-Info.plist"; path = "ios/GoogleService-Info.plist"; sourceTree = "<group>"; };
		8AB85F4E5076A64AD1FA672C /* Pods-ios.debug.xcconfig */ = {isa = PBXFileReference; includeInIndex = 1; lastKnownFileType = text.xcconfig; name = "Pods-ios.debug.xcconfig"; path = "Pods/Target Support Files/Pods-ios/Pods-ios.debug.xcconfig"; sourceTree = "<group>"; };
		94A921638B3412284B5796F9 /* Pods-iosUITests.release.xcconfig */ = {isa = PBXFileReference; includeInIndex = 1; lastKnownFileType = text.xcconfig; name = "Pods-iosUITests.release.xcconfig"; path = "Pods/Target Support Files/Pods-iosUITests/Pods-iosUITests.release.xcconfig"; sourceTree = "<group>"; };
		96945540333DB71F61C263B6 /* libPods-ios.a */ = {isa = PBXFileReference; explicitFileType = archive.ar; includeInIndex = 0; path = "libPods-ios.a"; sourceTree = BUILT_PRODUCTS_DIR; };
		C82EA0FD61D649A5A084911A /* Pods-iosTests.release.xcconfig */ = {isa = PBXFileReference; includeInIndex = 1; lastKnownFileType = text.xcconfig; name = "Pods-iosTests.release.xcconfig"; path = "Pods/Target Support Files/Pods-iosTests/Pods-iosTests.release.xcconfig"; sourceTree = "<group>"; };
		FA258F5D1C934BA200986E0D /* dataseed.json */ = {isa = PBXFileReference; lastKnownFileType = text.json; path = dataseed.json; sourceTree = "<group>"; };
		FA258F601C937F5900986E0D /* NoteTableViewCell.xib */ = {isa = PBXFileReference; fileEncoding = 4; lastKnownFileType = file.xib; path = NoteTableViewCell.xib; sourceTree = "<group>"; };
		FA258F621C9381C600986E0D /* NoteTableViewCell.h */ = {isa = PBXFileReference; fileEncoding = 4; lastKnownFileType = sourcecode.c.h; path = NoteTableViewCell.h; sourceTree = "<group>"; };
		FA258F631C9381C600986E0D /* NoteTableViewCell.m */ = {isa = PBXFileReference; fileEncoding = 4; lastKnownFileType = sourcecode.c.objc; path = NoteTableViewCell.m; sourceTree = "<group>"; };
		FA6128BE1C986E05001142E8 /* SpeakerTableViewCell.swift */ = {isa = PBXFileReference; fileEncoding = 4; lastKnownFileType = sourcecode.swift; path = SpeakerTableViewCell.swift; sourceTree = "<group>"; };
		FA6128C01C986E16001142E8 /* SpeakerTableViewCell.xib */ = {isa = PBXFileReference; fileEncoding = 4; lastKnownFileType = file.xib; path = SpeakerTableViewCell.xib; sourceTree = "<group>"; };
		FA6128C21C986E7A001142E8 /* EventTableViewCell.xib */ = {isa = PBXFileReference; fileEncoding = 4; lastKnownFileType = file.xib; path = EventTableViewCell.xib; sourceTree = "<group>"; };
		FA6128C41C986E87001142E8 /* EventTableViewCell.swift */ = {isa = PBXFileReference; fileEncoding = 4; lastKnownFileType = sourcecode.swift; path = EventTableViewCell.swift; sourceTree = "<group>"; };
		FA86A7E51C91D92200C09CE7 /* libj2objc-shared-debug.a */ = {isa = PBXFileReference; lastKnownFileType = archive.ar; name = "libj2objc-shared-debug.a"; path = "Pods/../build/Debug-iphoneos/libj2objc-shared-debug.a"; sourceTree = "<group>"; };
		FA86A7E61C91D92200C09CE7 /* libj2objc-shared-release.a */ = {isa = PBXFileReference; lastKnownFileType = archive.ar; name = "libj2objc-shared-release.a"; path = "Pods/../build/Debug-iphoneos/libj2objc-shared-release.a"; sourceTree = "<group>"; };
		FA86A7E91C91D95400C09CE7 /* libDagger2.a */ = {isa = PBXFileReference; lastKnownFileType = archive.ar; name = libDagger2.a; path = "Pods/../build/Debug-iphoneos/libDagger2.a"; sourceTree = "<group>"; };
		FA86A7EA1C91D95400C09CE7 /* libGson.a */ = {isa = PBXFileReference; lastKnownFileType = archive.ar; name = libGson.a; path = "Pods/../build/Debug-iphoneos/libGson.a"; sourceTree = "<group>"; };
		FA86A7F61C91EDDE00C09CE7 /* PlatformContext_iOS.h */ = {isa = PBXFileReference; fileEncoding = 4; lastKnownFileType = sourcecode.c.h; path = PlatformContext_iOS.h; sourceTree = "<group>"; };
		FA86A7F71C91EDDE00C09CE7 /* PlatformContext_iOS.m */ = {isa = PBXFileReference; fileEncoding = 4; lastKnownFileType = sourcecode.c.objc; path = PlatformContext_iOS.m; sourceTree = "<group>"; };
		FA86A7F91C92169900C09CE7 /* ios-Bridging-Header.h */ = {isa = PBXFileReference; lastKnownFileType = sourcecode.c.h; path = "ios-Bridging-Header.h"; sourceTree = "<group>"; };
		FAE033A31C9711F8001C50E1 /* prefixes.properties */ = {isa = PBXFileReference; fileEncoding = 4; lastKnownFileType = text; name = prefixes.properties; path = ios/prefixes.properties; sourceTree = "<group>"; };
		FAE033A51C974C65001C50E1 /* ShowEventDetailViewController.swift */ = {isa = PBXFileReference; fileEncoding = 4; lastKnownFileType = sourcecode.swift; path = ShowEventDetailViewController.swift; sourceTree = "<group>"; };
/* End PBXFileReference section */

/* Begin PBXFrameworksBuildPhase section */
		631B98E81C7D6533008AA20D /* Frameworks */ = {
			isa = PBXFrameworksBuildPhase;
			buildActionMask = 2147483647;
			files = (
				E892ED366CFA70A9CEC9087C /* libPods-ios.a in Frameworks */,
			);
			runOnlyForDeploymentPostprocessing = 0;
		};
		631B99011C7D6533008AA20D /* Frameworks */ = {
			isa = PBXFrameworksBuildPhase;
			buildActionMask = 2147483647;
			files = (
				A842C04EE493F921814D210F /* libPods-iosTests.a in Frameworks */,
			);
			runOnlyForDeploymentPostprocessing = 0;
		};
		631B990C1C7D6533008AA20D /* Frameworks */ = {
			isa = PBXFrameworksBuildPhase;
			buildActionMask = 2147483647;
			files = (
				AAF5E2779B803CA534CFC949 /* libPods-iosUITests.a in Frameworks */,
			);
			runOnlyForDeploymentPostprocessing = 0;
		};
/* End PBXFrameworksBuildPhase section */

/* Begin PBXGroup section */
		088551424853E14A7F78B62E /* Pods */ = {
			isa = PBXGroup;
			children = (
				8AB85F4E5076A64AD1FA672C /* Pods-ios.debug.xcconfig */,
				25FA9E7B87726CEEE6EFAE7F /* Pods-ios.release.xcconfig */,
				281DA7F1FC55C7B93154D081 /* Pods-iosTests.debug.xcconfig */,
				C82EA0FD61D649A5A084911A /* Pods-iosTests.release.xcconfig */,
				23914ED05B4C391D7B642F70 /* Pods-iosUITests.debug.xcconfig */,
				94A921638B3412284B5796F9 /* Pods-iosUITests.release.xcconfig */,
			);
			name = Pods;
			sourceTree = "<group>";
		};
		2AAED8C9B01D04A8C89A3D0C /* Frameworks */ = {
			isa = PBXGroup;
			children = (
				FA86A7E91C91D95400C09CE7 /* libDagger2.a */,
				FA86A7EA1C91D95400C09CE7 /* libGson.a */,
				FA86A7E51C91D92200C09CE7 /* libj2objc-shared-debug.a */,
				FA86A7E61C91D92200C09CE7 /* libj2objc-shared-release.a */,
				96945540333DB71F61C263B6 /* libPods-ios.a */,
				06D42FB4A8B88AE64821B7E8 /* libPods-iosTests.a */,
				3BD8F26D64159CD133170ED4 /* libPods-iosUITests.a */,
			);
			name = Frameworks;
			sourceTree = "<group>";
		};
		631B98E21C7D6533008AA20D = {
			isa = PBXGroup;
			children = (
				63EE30761CC2CE8700B64D3D /* GoogleService-Info.plist */,
				FAE033A31C9711F8001C50E1 /* prefixes.properties */,
				FA258F5D1C934BA200986E0D /* dataseed.json */,
				631B98ED1C7D6533008AA20D /* ios */,
				631B99071C7D6533008AA20D /* iosTests */,
				631B99121C7D6533008AA20D /* iosUITests */,
				631B98EC1C7D6533008AA20D /* Products */,
				2AAED8C9B01D04A8C89A3D0C /* Frameworks */,
				088551424853E14A7F78B62E /* Pods */,
			);
			sourceTree = "<group>";
		};
		631B98EC1C7D6533008AA20D /* Products */ = {
			isa = PBXGroup;
			children = (
				631B98EB1C7D6533008AA20D /* ios.app */,
				631B99041C7D6533008AA20D /* iosTests.xctest */,
				631B990F1C7D6533008AA20D /* iosUITests.xctest */,
			);
			name = Products;
			sourceTree = "<group>";
		};
		631B98ED1C7D6533008AA20D /* ios */ = {
			isa = PBXGroup;
			children = (
				631B98F11C7D6533008AA20D /* AppDelegate.h */,
				631B98F21C7D6533008AA20D /* AppDelegate.m */,
				FA86A7F61C91EDDE00C09CE7 /* PlatformContext_iOS.h */,
				FA86A7F71C91EDDE00C09CE7 /* PlatformContext_iOS.m */,
				631B98F41C7D6533008AA20D /* ViewController.h */,
				631B98F51C7D6533008AA20D /* ViewController.m */,
				FAE033A51C974C65001C50E1 /* ShowEventDetailViewController.swift */,
				FA258F5F1C937F4100986E0D /* Views */,
				631B98F71C7D6533008AA20D /* Main.storyboard */,
				631B98FA1C7D6533008AA20D /* Assets.xcassets */,
				631B98FC1C7D6533008AA20D /* LaunchScreen.storyboard */,
				631B98FF1C7D6533008AA20D /* Info.plist */,
				631B98EE1C7D6533008AA20D /* Supporting Files */,
				FA86A7F91C92169900C09CE7 /* ios-Bridging-Header.h */,
			);
			path = ios;
			sourceTree = "<group>";
		};
		631B98EE1C7D6533008AA20D /* Supporting Files */ = {
			isa = PBXGroup;
			children = (
				631B98EF1C7D6533008AA20D /* main.m */,
			);
			name = "Supporting Files";
			sourceTree = "<group>";
		};
		631B99071C7D6533008AA20D /* iosTests */ = {
			isa = PBXGroup;
			children = (
				631B99081C7D6533008AA20D /* iosTests.m */,
				631B990A1C7D6533008AA20D /* Info.plist */,
			);
			path = iosTests;
			sourceTree = "<group>";
		};
		631B99121C7D6533008AA20D /* iosUITests */ = {
			isa = PBXGroup;
			children = (
				631B99131C7D6533008AA20D /* iosUITests.m */,
				631B99151C7D6533008AA20D /* Info.plist */,
			);
			path = iosUITests;
			sourceTree = "<group>";
		};
		FA258F5F1C937F4100986E0D /* Views */ = {
			isa = PBXGroup;
			children = (
				FA258F601C937F5900986E0D /* NoteTableViewCell.xib */,
				FA258F621C9381C600986E0D /* NoteTableViewCell.h */,
				FA258F631C9381C600986E0D /* NoteTableViewCell.m */,
				FA6128C21C986E7A001142E8 /* EventTableViewCell.xib */,
				FA6128C41C986E87001142E8 /* EventTableViewCell.swift */,
				FA6128C01C986E16001142E8 /* SpeakerTableViewCell.xib */,
				FA6128BE1C986E05001142E8 /* SpeakerTableViewCell.swift */,
			);
			name = Views;
			sourceTree = "<group>";
		};
/* End PBXGroup section */

/* Begin PBXNativeTarget section */
		631B98EA1C7D6533008AA20D /* ios */ = {
			isa = PBXNativeTarget;
			buildConfigurationList = 631B99181C7D6533008AA20D /* Build configuration list for PBXNativeTarget "ios" */;
			buildPhases = (
				0A6247AEC8D968A764B28F56 /* 📦 Check Pods Manifest.lock */,
				631B98E71C7D6533008AA20D /* Sources */,
				631B98E81C7D6533008AA20D /* Frameworks */,
				631B98E91C7D6533008AA20D /* Resources */,
				6DD8DA101221ACE133AD02E0 /* 📦 Embed Pods Frameworks */,
				EA05F18FF894EE320A2E9E52 /* 📦 Copy Pods Resources */,
			);
			buildRules = (
			);
			dependencies = (
			);
			name = ios;
			productName = ios;
			productReference = 631B98EB1C7D6533008AA20D /* ios.app */;
			productType = "com.apple.product-type.application";
		};
		631B99031C7D6533008AA20D /* iosTests */ = {
			isa = PBXNativeTarget;
			buildConfigurationList = 631B991B1C7D6533008AA20D /* Build configuration list for PBXNativeTarget "iosTests" */;
			buildPhases = (
				FC31444A3DD843EC58A23100 /* 📦 Check Pods Manifest.lock */,
				631B99001C7D6533008AA20D /* Sources */,
				631B99011C7D6533008AA20D /* Frameworks */,
				631B99021C7D6533008AA20D /* Resources */,
				11B146CBC08702F26CFC1EA2 /* 📦 Embed Pods Frameworks */,
				682279DBCF54752B8CF6D0E1 /* 📦 Copy Pods Resources */,
			);
			buildRules = (
			);
			dependencies = (
				631B99061C7D6533008AA20D /* PBXTargetDependency */,
			);
			name = iosTests;
			productName = iosTests;
			productReference = 631B99041C7D6533008AA20D /* iosTests.xctest */;
			productType = "com.apple.product-type.bundle.unit-test";
		};
		631B990E1C7D6533008AA20D /* iosUITests */ = {
			isa = PBXNativeTarget;
			buildConfigurationList = 631B991E1C7D6533008AA20D /* Build configuration list for PBXNativeTarget "iosUITests" */;
			buildPhases = (
				9271E4B8A8FFFFFC6B3F0340 /* 📦 Check Pods Manifest.lock */,
				631B990B1C7D6533008AA20D /* Sources */,
				631B990C1C7D6533008AA20D /* Frameworks */,
				631B990D1C7D6533008AA20D /* Resources */,
				B9F9E5CDCDC085164D821BBC /* 📦 Copy Pods Resources */,
			);
			buildRules = (
			);
			dependencies = (
				631B99111C7D6533008AA20D /* PBXTargetDependency */,
			);
			name = iosUITests;
			productName = iosUITests;
			productReference = 631B990F1C7D6533008AA20D /* iosUITests.xctest */;
			productType = "com.apple.product-type.bundle.ui-testing";
		};
/* End PBXNativeTarget section */

/* Begin PBXProject section */
		631B98E31C7D6533008AA20D /* Project object */ = {
			isa = PBXProject;
			attributes = {
				LastUpgradeCheck = 0720;
				ORGANIZATIONNAME = "Kevin Galligan";
				TargetAttributes = {
					631B98EA1C7D6533008AA20D = {
						CreatedOnToolsVersion = 7.2;
						DevelopmentTeam = 2UER9BPG44;
					};
					631B99031C7D6533008AA20D = {
						CreatedOnToolsVersion = 7.2;
						TestTargetID = 631B98EA1C7D6533008AA20D;
					};
					631B990E1C7D6533008AA20D = {
						CreatedOnToolsVersion = 7.2;
						TestTargetID = 631B98EA1C7D6533008AA20D;
					};
				};
			};
			buildConfigurationList = 631B98E61C7D6533008AA20D /* Build configuration list for PBXProject "ios" */;
			compatibilityVersion = "Xcode 3.2";
			developmentRegion = English;
			hasScannedForEncodings = 0;
			knownRegions = (
				en,
				Base,
			);
			mainGroup = 631B98E21C7D6533008AA20D;
			productRefGroup = 631B98EC1C7D6533008AA20D /* Products */;
			projectDirPath = "";
			projectRoot = "";
			targets = (
				631B98EA1C7D6533008AA20D /* ios */,
				631B99031C7D6533008AA20D /* iosTests */,
				631B990E1C7D6533008AA20D /* iosUITests */,
			);
		};
/* End PBXProject section */

/* Begin PBXResourcesBuildPhase section */
		631B98E91C7D6533008AA20D /* Resources */ = {
			isa = PBXResourcesBuildPhase;
			buildActionMask = 2147483647;
			files = (
				FA258F5E1C934BA200986E0D /* dataseed.json in Resources */,
				631B98FE1C7D6533008AA20D /* LaunchScreen.storyboard in Resources */,
				63EE30771CC2CE8700B64D3D /* GoogleService-Info.plist in Resources */,
				FAE033A41C9711F8001C50E1 /* prefixes.properties in Resources */,
				631B98FB1C7D6533008AA20D /* Assets.xcassets in Resources */,
				FA6128C31C986E7A001142E8 /* EventTableViewCell.xib in Resources */,
				FA258F611C937F5900986E0D /* NoteTableViewCell.xib in Resources */,
				631B98F91C7D6533008AA20D /* Main.storyboard in Resources */,
				FA6128C11C986E16001142E8 /* SpeakerTableViewCell.xib in Resources */,
			);
			runOnlyForDeploymentPostprocessing = 0;
		};
		631B99021C7D6533008AA20D /* Resources */ = {
			isa = PBXResourcesBuildPhase;
			buildActionMask = 2147483647;
			files = (
			);
			runOnlyForDeploymentPostprocessing = 0;
		};
		631B990D1C7D6533008AA20D /* Resources */ = {
			isa = PBXResourcesBuildPhase;
			buildActionMask = 2147483647;
			files = (
			);
			runOnlyForDeploymentPostprocessing = 0;
		};
/* End PBXResourcesBuildPhase section */

/* Begin PBXShellScriptBuildPhase section */
		0A6247AEC8D968A764B28F56 /* 📦 Check Pods Manifest.lock */ = {
			isa = PBXShellScriptBuildPhase;
			buildActionMask = 2147483647;
			files = (
			);
			inputPaths = (
			);
			name = "📦 Check Pods Manifest.lock";
			outputPaths = (
			);
			runOnlyForDeploymentPostprocessing = 0;
			shellPath = /bin/sh;
			shellScript = "diff \"${PODS_ROOT}/../Podfile.lock\" \"${PODS_ROOT}/Manifest.lock\" > /dev/null\nif [[ $? != 0 ]] ; then\n    cat << EOM\nerror: The sandbox is not in sync with the Podfile.lock. Run 'pod install' or update your CocoaPods installation.\nEOM\n    exit 1\nfi\n";
			showEnvVarsInLog = 0;
		};
		11B146CBC08702F26CFC1EA2 /* 📦 Embed Pods Frameworks */ = {
			isa = PBXShellScriptBuildPhase;
			buildActionMask = 2147483647;
			files = (
			);
			inputPaths = (
			);
			name = "📦 Embed Pods Frameworks";
			outputPaths = (
			);
			runOnlyForDeploymentPostprocessing = 0;
			shellPath = /bin/sh;
			shellScript = "\"${SRCROOT}/Pods/Target Support Files/Pods-iosTests/Pods-iosTests-frameworks.sh\"\n";
			showEnvVarsInLog = 0;
		};
		682279DBCF54752B8CF6D0E1 /* 📦 Copy Pods Resources */ = {
			isa = PBXShellScriptBuildPhase;
			buildActionMask = 2147483647;
			files = (
			);
			inputPaths = (
			);
			name = "📦 Copy Pods Resources";
			outputPaths = (
			);
			runOnlyForDeploymentPostprocessing = 0;
			shellPath = /bin/sh;
			shellScript = "\"${SRCROOT}/Pods/Target Support Files/Pods-iosTests/Pods-iosTests-resources.sh\"\n";
			showEnvVarsInLog = 0;
		};
		6DD8DA101221ACE133AD02E0 /* 📦 Embed Pods Frameworks */ = {
			isa = PBXShellScriptBuildPhase;
			buildActionMask = 2147483647;
			files = (
			);
			inputPaths = (
			);
			name = "📦 Embed Pods Frameworks";
			outputPaths = (
			);
			runOnlyForDeploymentPostprocessing = 0;
			shellPath = /bin/sh;
			shellScript = "\"${SRCROOT}/Pods/Target Support Files/Pods-ios/Pods-ios-frameworks.sh\"\n";
			showEnvVarsInLog = 0;
		};
		9271E4B8A8FFFFFC6B3F0340 /* 📦 Check Pods Manifest.lock */ = {
			isa = PBXShellScriptBuildPhase;
			buildActionMask = 2147483647;
			files = (
			);
			inputPaths = (
			);
			name = "📦 Check Pods Manifest.lock";
			outputPaths = (
			);
			runOnlyForDeploymentPostprocessing = 0;
			shellPath = /bin/sh;
			shellScript = "diff \"${PODS_ROOT}/../Podfile.lock\" \"${PODS_ROOT}/Manifest.lock\" > /dev/null\nif [[ $? != 0 ]] ; then\n    cat << EOM\nerror: The sandbox is not in sync with the Podfile.lock. Run 'pod install' or update your CocoaPods installation.\nEOM\n    exit 1\nfi\n";
			showEnvVarsInLog = 0;
		};
		B9F9E5CDCDC085164D821BBC /* 📦 Copy Pods Resources */ = {
			isa = PBXShellScriptBuildPhase;
			buildActionMask = 2147483647;
			files = (
			);
			inputPaths = (
			);
			name = "📦 Copy Pods Resources";
			outputPaths = (
			);
			runOnlyForDeploymentPostprocessing = 0;
			shellPath = /bin/sh;
			shellScript = "\"${SRCROOT}/Pods/Target Support Files/Pods-iosUITests/Pods-iosUITests-resources.sh\"\n";
			showEnvVarsInLog = 0;
		};
		EA05F18FF894EE320A2E9E52 /* 📦 Copy Pods Resources */ = {
			isa = PBXShellScriptBuildPhase;
			buildActionMask = 2147483647;
			files = (
			);
			inputPaths = (
			);
			name = "📦 Copy Pods Resources";
			outputPaths = (
			);
			runOnlyForDeploymentPostprocessing = 0;
			shellPath = /bin/sh;
			shellScript = "\"${SRCROOT}/Pods/Target Support Files/Pods-ios/Pods-ios-resources.sh\"\n";
			showEnvVarsInLog = 0;
		};
		FC31444A3DD843EC58A23100 /* 📦 Check Pods Manifest.lock */ = {
			isa = PBXShellScriptBuildPhase;
			buildActionMask = 2147483647;
			files = (
			);
			inputPaths = (
			);
			name = "📦 Check Pods Manifest.lock";
			outputPaths = (
			);
			runOnlyForDeploymentPostprocessing = 0;
			shellPath = /bin/sh;
			shellScript = "diff \"${PODS_ROOT}/../Podfile.lock\" \"${PODS_ROOT}/Manifest.lock\" > /dev/null\nif [[ $? != 0 ]] ; then\n    cat << EOM\nerror: The sandbox is not in sync with the Podfile.lock. Run 'pod install' or update your CocoaPods installation.\nEOM\n    exit 1\nfi\n";
			showEnvVarsInLog = 0;
		};
/* End PBXShellScriptBuildPhase section */

/* Begin PBXSourcesBuildPhase section */
		631B98E71C7D6533008AA20D /* Sources */ = {
			isa = PBXSourcesBuildPhase;
			buildActionMask = 2147483647;
			files = (
				FA6128C51C986E87001142E8 /* EventTableViewCell.swift in Sources */,
				FA86A7F81C91EDDE00C09CE7 /* PlatformContext_iOS.m in Sources */,
				631B98F61C7D6533008AA20D /* ViewController.m in Sources */,
				631B98F31C7D6533008AA20D /* AppDelegate.m in Sources */,
				FA258F641C9381C600986E0D /* NoteTableViewCell.m in Sources */,
				FAE033A61C974C65001C50E1 /* ShowEventDetailViewController.swift in Sources */,
				FA6128BF1C986E05001142E8 /* SpeakerTableViewCell.swift in Sources */,
				631B98F01C7D6533008AA20D /* main.m in Sources */,
			);
			runOnlyForDeploymentPostprocessing = 0;
		};
		631B99001C7D6533008AA20D /* Sources */ = {
			isa = PBXSourcesBuildPhase;
			buildActionMask = 2147483647;
			files = (
				631B99091C7D6533008AA20D /* iosTests.m in Sources */,
			);
			runOnlyForDeploymentPostprocessing = 0;
		};
		631B990B1C7D6533008AA20D /* Sources */ = {
			isa = PBXSourcesBuildPhase;
			buildActionMask = 2147483647;
			files = (
				631B99141C7D6533008AA20D /* iosUITests.m in Sources */,
			);
			runOnlyForDeploymentPostprocessing = 0;
		};
/* End PBXSourcesBuildPhase section */

/* Begin PBXTargetDependency section */
		631B99061C7D6533008AA20D /* PBXTargetDependency */ = {
			isa = PBXTargetDependency;
			target = 631B98EA1C7D6533008AA20D /* ios */;
			targetProxy = 631B99051C7D6533008AA20D /* PBXContainerItemProxy */;
		};
		631B99111C7D6533008AA20D /* PBXTargetDependency */ = {
			isa = PBXTargetDependency;
			target = 631B98EA1C7D6533008AA20D /* ios */;
			targetProxy = 631B99101C7D6533008AA20D /* PBXContainerItemProxy */;
		};
/* End PBXTargetDependency section */

/* Begin PBXVariantGroup section */
		631B98F71C7D6533008AA20D /* Main.storyboard */ = {
			isa = PBXVariantGroup;
			children = (
				631B98F81C7D6533008AA20D /* Base */,
			);
			name = Main.storyboard;
			sourceTree = "<group>";
		};
		631B98FC1C7D6533008AA20D /* LaunchScreen.storyboard */ = {
			isa = PBXVariantGroup;
			children = (
				631B98FD1C7D6533008AA20D /* Base */,
			);
			name = LaunchScreen.storyboard;
			sourceTree = "<group>";
		};
/* End PBXVariantGroup section */

/* Begin XCBuildConfiguration section */
		631B99161C7D6533008AA20D /* Debug */ = {
			isa = XCBuildConfiguration;
			buildSettings = {
				ALWAYS_SEARCH_USER_PATHS = NO;
				CLANG_CXX_LANGUAGE_STANDARD = "gnu++0x";
				CLANG_CXX_LIBRARY = "libc++";
				CLANG_ENABLE_MODULES = YES;
				CLANG_ENABLE_OBJC_ARC = YES;
				CLANG_WARN_BOOL_CONVERSION = YES;
				CLANG_WARN_CONSTANT_CONVERSION = YES;
				CLANG_WARN_DIRECT_OBJC_ISA_USAGE = YES_ERROR;
				CLANG_WARN_EMPTY_BODY = YES;
				CLANG_WARN_ENUM_CONVERSION = YES;
				CLANG_WARN_INT_CONVERSION = YES;
				CLANG_WARN_OBJC_ROOT_CLASS = YES_ERROR;
				CLANG_WARN_UNREACHABLE_CODE = YES;
				CLANG_WARN__DUPLICATE_METHOD_MATCH = YES;
				"CODE_SIGN_IDENTITY[sdk=iphoneos*]" = "iPhone Developer";
				COPY_PHASE_STRIP = NO;
				DEBUG_INFORMATION_FORMAT = dwarf;
				ENABLE_STRICT_OBJC_MSGSEND = YES;
				ENABLE_TESTABILITY = YES;
				GCC_C_LANGUAGE_STANDARD = gnu99;
				GCC_DYNAMIC_NO_PIC = NO;
				GCC_NO_COMMON_BLOCKS = YES;
				GCC_OPTIMIZATION_LEVEL = 0;
				GCC_PREPROCESSOR_DEFINITIONS = (
					"DEBUG=1",
					"$(inherited)",
				);
				GCC_WARN_64_TO_32_BIT_CONVERSION = YES;
				GCC_WARN_ABOUT_RETURN_TYPE = YES_ERROR;
				GCC_WARN_UNDECLARED_SELECTOR = YES;
				GCC_WARN_UNINITIALIZED_AUTOS = YES_AGGRESSIVE;
				GCC_WARN_UNUSED_FUNCTION = YES;
				GCC_WARN_UNUSED_VARIABLE = YES;
				IPHONEOS_DEPLOYMENT_TARGET = 9.2;
				MTL_ENABLE_DEBUG_INFO = YES;
				ONLY_ACTIVE_ARCH = YES;
				SDKROOT = iphoneos;
				TARGETED_DEVICE_FAMILY = "1,2";
			};
			name = Debug;
		};
		631B99171C7D6533008AA20D /* Release */ = {
			isa = XCBuildConfiguration;
			buildSettings = {
				ALWAYS_SEARCH_USER_PATHS = NO;
				CLANG_CXX_LANGUAGE_STANDARD = "gnu++0x";
				CLANG_CXX_LIBRARY = "libc++";
				CLANG_ENABLE_MODULES = YES;
				CLANG_ENABLE_OBJC_ARC = YES;
				CLANG_WARN_BOOL_CONVERSION = YES;
				CLANG_WARN_CONSTANT_CONVERSION = YES;
				CLANG_WARN_DIRECT_OBJC_ISA_USAGE = YES_ERROR;
				CLANG_WARN_EMPTY_BODY = YES;
				CLANG_WARN_ENUM_CONVERSION = YES;
				CLANG_WARN_INT_CONVERSION = YES;
				CLANG_WARN_OBJC_ROOT_CLASS = YES_ERROR;
				CLANG_WARN_UNREACHABLE_CODE = YES;
				CLANG_WARN__DUPLICATE_METHOD_MATCH = YES;
				"CODE_SIGN_IDENTITY[sdk=iphoneos*]" = "iPhone Developer";
				COPY_PHASE_STRIP = NO;
				DEBUG_INFORMATION_FORMAT = "dwarf-with-dsym";
				ENABLE_NS_ASSERTIONS = NO;
				ENABLE_STRICT_OBJC_MSGSEND = YES;
				GCC_C_LANGUAGE_STANDARD = gnu99;
				GCC_NO_COMMON_BLOCKS = YES;
				GCC_WARN_64_TO_32_BIT_CONVERSION = YES;
				GCC_WARN_ABOUT_RETURN_TYPE = YES_ERROR;
				GCC_WARN_UNDECLARED_SELECTOR = YES;
				GCC_WARN_UNINITIALIZED_AUTOS = YES_AGGRESSIVE;
				GCC_WARN_UNUSED_FUNCTION = YES;
				GCC_WARN_UNUSED_VARIABLE = YES;
				IPHONEOS_DEPLOYMENT_TARGET = 9.2;
				MTL_ENABLE_DEBUG_INFO = NO;
				SDKROOT = iphoneos;
				TARGETED_DEVICE_FAMILY = "1,2";
				VALIDATE_PRODUCT = YES;
			};
			name = Release;
		};
		631B99191C7D6533008AA20D /* Debug */ = {
			isa = XCBuildConfiguration;
			baseConfigurationReference = 8AB85F4E5076A64AD1FA672C /* Pods-ios.debug.xcconfig */;
			buildSettings = {
				ASSETCATALOG_COMPILER_APPICON_NAME = AppIcon;
				CLANG_ENABLE_MODULES = YES;
				CODE_SIGN_IDENTITY = "iPhone Developer";
				"CODE_SIGN_IDENTITY[sdk=iphoneos*]" = "iPhone Developer";
				DEFINES_MODULE = YES;
				EMBEDDED_CONTENT_CONTAINS_SWIFT = YES;
				HEADER_SEARCH_PATHS = (
					"$(inherited)",
					"\"${PODS_ROOT}/Headers/Public\"",
					"\"${PODS_ROOT}/Headers/Public/Dagger2\"",
					"\"${PODS_ROOT}/Headers/Public/Gson\"",
					"\"${PODS_ROOT}/Headers/Public/J2OBJC\"",
					"\"${PODS_ROOT}/Headers/Public/j2objc-shared-debug\"",
					"\"${PODS_ROOT}/Headers/Public/j2objc-shared-release\"",
				);
				INFOPLIST_FILE = ios/Info.plist;
				LD_RUNPATH_SEARCH_PATHS = "$(inherited) @executable_path/Frameworks";
				LIBRARY_SEARCH_PATHS = (
					"$(inherited)",
					"/Users/kgalligan/bin/j2objc-1.0.2/lib",
				);
				OTHER_LDFLAGS = (
					"$(inherited)",
					"-lsqlite3",
				);
				PRODUCT_BUNDLE_IDENTIFIER = co.touchlab.ios.droidconsf;
				PRODUCT_NAME = "$(TARGET_NAME)";
				PROVISIONING_PROFILE = "";
				SWIFT_OBJC_BRIDGING_HEADER = "ios/ios-Bridging-Header.h";
				SWIFT_OPTIMIZATION_LEVEL = "-Onone";
			};
			name = Debug;
		};
		631B991A1C7D6533008AA20D /* Release */ = {
			isa = XCBuildConfiguration;
			baseConfigurationReference = 25FA9E7B87726CEEE6EFAE7F /* Pods-ios.release.xcconfig */;
			buildSettings = {
				ASSETCATALOG_COMPILER_APPICON_NAME = AppIcon;
				CLANG_ENABLE_MODULES = YES;
				CODE_SIGN_IDENTITY = "iPhone Developer";
				"CODE_SIGN_IDENTITY[sdk=iphoneos*]" = "iPhone Developer";
				DEFINES_MODULE = YES;
				EMBEDDED_CONTENT_CONTAINS_SWIFT = YES;
				HEADER_SEARCH_PATHS = (
					"$(inherited)",
					"\"${PODS_ROOT}/Headers/Public\"",
					"\"${PODS_ROOT}/Headers/Public/Dagger2\"",
					"\"${PODS_ROOT}/Headers/Public/Gson\"",
					"\"${PODS_ROOT}/Headers/Public/J2OBJC\"",
					"\"${PODS_ROOT}/Headers/Public/j2objc-shared-debug\"",
					"\"${PODS_ROOT}/Headers/Public/j2objc-shared-release\"",
				);
				INFOPLIST_FILE = ios/Info.plist;
				LD_RUNPATH_SEARCH_PATHS = "$(inherited) @executable_path/Frameworks";
				LIBRARY_SEARCH_PATHS = (
					"$(inherited)",
					"/Users/kgalligan/bin/j2objc-1.0.2/lib",
				);
				OTHER_LDFLAGS = (
					"$(inherited)",
					"-lsqlite3",
				);
				PRODUCT_BUNDLE_IDENTIFIER = co.touchlab.ios.droidconsf;
				PRODUCT_NAME = "$(TARGET_NAME)";
				PROVISIONING_PROFILE = "";
				SWIFT_OBJC_BRIDGING_HEADER = "ios/ios-Bridging-Header.h";
			};
			name = Release;
		};
		631B991C1C7D6533008AA20D /* Debug */ = {
			isa = XCBuildConfiguration;
			baseConfigurationReference = 281DA7F1FC55C7B93154D081 /* Pods-iosTests.debug.xcconfig */;
			buildSettings = {
				BUNDLE_LOADER = "$(TEST_HOST)";
				INFOPLIST_FILE = iosTests/Info.plist;
				LD_RUNPATH_SEARCH_PATHS = "$(inherited) @executable_path/Frameworks @loader_path/Frameworks";
				PRODUCT_BUNDLE_IDENTIFIER = co.touchlab.iosTests;
				PRODUCT_NAME = "$(TARGET_NAME)";
				TEST_HOST = "$(BUILT_PRODUCTS_DIR)/ios.app/ios";
			};
			name = Debug;
		};
		631B991D1C7D6533008AA20D /* Release */ = {
			isa = XCBuildConfiguration;
			baseConfigurationReference = C82EA0FD61D649A5A084911A /* Pods-iosTests.release.xcconfig */;
			buildSettings = {
				BUNDLE_LOADER = "$(TEST_HOST)";
				INFOPLIST_FILE = iosTests/Info.plist;
				LD_RUNPATH_SEARCH_PATHS = "$(inherited) @executable_path/Frameworks @loader_path/Frameworks";
				PRODUCT_BUNDLE_IDENTIFIER = co.touchlab.iosTests;
				PRODUCT_NAME = "$(TARGET_NAME)";
				TEST_HOST = "$(BUILT_PRODUCTS_DIR)/ios.app/ios";
			};
			name = Release;
		};
		631B991F1C7D6533008AA20D /* Debug */ = {
			isa = XCBuildConfiguration;
			baseConfigurationReference = 23914ED05B4C391D7B642F70 /* Pods-iosUITests.debug.xcconfig */;
			buildSettings = {
				INFOPLIST_FILE = iosUITests/Info.plist;
				LD_RUNPATH_SEARCH_PATHS = "$(inherited) @executable_path/Frameworks @loader_path/Frameworks";
				PRODUCT_BUNDLE_IDENTIFIER = co.touchlab.iosUITests;
				PRODUCT_NAME = "$(TARGET_NAME)";
				TEST_TARGET_NAME = ios;
				USES_XCTRUNNER = YES;
			};
			name = Debug;
		};
		631B99201C7D6533008AA20D /* Release */ = {
			isa = XCBuildConfiguration;
			baseConfigurationReference = 94A921638B3412284B5796F9 /* Pods-iosUITests.release.xcconfig */;
			buildSettings = {
				INFOPLIST_FILE = iosUITests/Info.plist;
				LD_RUNPATH_SEARCH_PATHS = "$(inherited) @executable_path/Frameworks @loader_path/Frameworks";
				PRODUCT_BUNDLE_IDENTIFIER = co.touchlab.iosUITests;
				PRODUCT_NAME = "$(TARGET_NAME)";
				TEST_TARGET_NAME = ios;
				USES_XCTRUNNER = YES;
			};
			name = Release;
		};
/* End XCBuildConfiguration section */

/* Begin XCConfigurationList section */
		631B98E61C7D6533008AA20D /* Build configuration list for PBXProject "ios" */ = {
			isa = XCConfigurationList;
			buildConfigurations = (
				631B99161C7D6533008AA20D /* Debug */,
				631B99171C7D6533008AA20D /* Release */,
			);
			defaultConfigurationIsVisible = 0;
			defaultConfigurationName = Release;
		};
		631B99181C7D6533008AA20D /* Build configuration list for PBXNativeTarget "ios" */ = {
			isa = XCConfigurationList;
			buildConfigurations = (
				631B99191C7D6533008AA20D /* Debug */,
				631B991A1C7D6533008AA20D /* Release */,
			);
			defaultConfigurationIsVisible = 0;
			defaultConfigurationName = Release;
		};
		631B991B1C7D6533008AA20D /* Build configuration list for PBXNativeTarget "iosTests" */ = {
			isa = XCConfigurationList;
			buildConfigurations = (
				631B991C1C7D6533008AA20D /* Debug */,
				631B991D1C7D6533008AA20D /* Release */,
			);
			defaultConfigurationIsVisible = 0;
			defaultConfigurationName = Release;
		};
		631B991E1C7D6533008AA20D /* Build configuration list for PBXNativeTarget "iosUITests" */ = {
			isa = XCConfigurationList;
			buildConfigurations = (
				631B991F1C7D6533008AA20D /* Debug */,
				631B99201C7D6533008AA20D /* Release */,
			);
			defaultConfigurationIsVisible = 0;
			defaultConfigurationName = Release;
		};
/* End XCConfigurationList section */
	};
	rootObject = 631B98E31C7D6533008AA20D /* Project object */;
}
