// !$*UTF8*$!
{
	archiveVersion = 1;
	classes = {
	};
	objectVersion = 46;
	objects = {

/* Begin PBXBuildFile section */
		63DB77AC1CA0C5C30083ACBF /* SqueakyCore.h in CopyFiles */ = {isa = PBXBuildFile; fileRef = 63DB77AB1CA0C5C30083ACBF /* SqueakyCore.h */; };
		63DB77AE1CA0C5C30083ACBF /* SqueakyCore.m in Sources */ = {isa = PBXBuildFile; fileRef = 63DB77AD1CA0C5C30083ACBF /* SqueakyCore.m */; };
/* End PBXBuildFile section */

/* Begin PBXCopyFilesBuildPhase section */
		63DB77A61CA0C5C30083ACBF /* CopyFiles */ = {
			isa = PBXCopyFilesBuildPhase;
			buildActionMask = 2147483647;
			dstPath = "include/$(PRODUCT_NAME)";
			dstSubfolderSpec = 16;
			files = (
				63DB77AC1CA0C5C30083ACBF /* SqueakyCore.h in CopyFiles */,
			);
			runOnlyForDeploymentPostprocessing = 0;
		};
/* End PBXCopyFilesBuildPhase section */

/* Begin PBXFileReference section */
		63DB77A81CA0C5C30083ACBF /* libSqueakyCore.a */ = {isa = PBXFileReference; explicitFileType = archive.ar; includeInIndex = 0; path = libSqueakyCore.a; sourceTree = BUILT_PRODUCTS_DIR; };
		63DB77AB1CA0C5C30083ACBF /* SqueakyCore.h */ = {isa = PBXFileReference; lastKnownFileType = sourcecode.c.h; path = SqueakyCore.h; sourceTree = "<group>"; };
		63DB77AD1CA0C5C30083ACBF /* SqueakyCore.m */ = {isa = PBXFileReference; lastKnownFileType = sourcecode.c.objc; path = SqueakyCore.m; sourceTree = "<group>"; };
/* End PBXFileReference section */

/* Begin PBXFrameworksBuildPhase section */
		63DB77A51CA0C5C30083ACBF /* Frameworks */ = {
			isa = PBXFrameworksBuildPhase;
			buildActionMask = 2147483647;
			files = (
			);
			runOnlyForDeploymentPostprocessing = 0;
		};
/* End PBXFrameworksBuildPhase section */

/* Begin PBXGroup section */
		63DB779F1CA0C5C30083ACBF = {
			isa = PBXGroup;
			children = (
				63DB77AA1CA0C5C30083ACBF /* SqueakyCore */,
				63DB77A91CA0C5C30083ACBF /* Products */,
			);
			sourceTree = "<group>";
		};
		63DB77A91CA0C5C30083ACBF /* Products */ = {
			isa = PBXGroup;
			children = (
				63DB77A81CA0C5C30083ACBF /* libSqueakyCore.a */,
			);
			name = Products;
			sourceTree = "<group>";
		};
		63DB77AA1CA0C5C30083ACBF /* SqueakyCore */ = {
			isa = PBXGroup;
			children = (
				63DB77AB1CA0C5C30083ACBF /* SqueakyCore.h */,
				63DB77AD1CA0C5C30083ACBF /* SqueakyCore.m */,
			);
			path = SqueakyCore;
			sourceTree = "<group>";
		};
/* End PBXGroup section */

/* Begin PBXNativeTarget section */
		63DB77A71CA0C5C30083ACBF /* SqueakyCore */ = {
			isa = PBXNativeTarget;
			buildConfigurationList = 63DB77B11CA0C5C30083ACBF /* Build configuration list for PBXNativeTarget "SqueakyCore" */;
			buildPhases = (
				63DB77A41CA0C5C30083ACBF /* Sources */,
				63DB77A51CA0C5C30083ACBF /* Frameworks */,
				63DB77A61CA0C5C30083ACBF /* CopyFiles */,
			);
			buildRules = (
			);
			dependencies = (
			);
			name = SqueakyCore;
			productName = SqueakyCore;
			productReference = 63DB77A81CA0C5C30083ACBF /* libSqueakyCore.a */;
			productType = "com.apple.product-type.library.static";
		};
/* End PBXNativeTarget section */

/* Begin PBXProject section */
		63DB77A01CA0C5C30083ACBF /* Project object */ = {
			isa = PBXProject;
			attributes = {
				LastUpgradeCheck = 0720;
				ORGANIZATIONNAME = "Kevin Galligan";
				TargetAttributes = {
					63DB77A71CA0C5C30083ACBF = {
						CreatedOnToolsVersion = 7.2;
					};
				};
			};
			buildConfigurationList = 63DB77A31CA0C5C30083ACBF /* Build configuration list for PBXProject "SqueakyCore" */;
			compatibilityVersion = "Xcode 3.2";
			developmentRegion = English;
			hasScannedForEncodings = 0;
			knownRegions = (
				en,
			);
			mainGroup = 63DB779F1CA0C5C30083ACBF;
			productRefGroup = 63DB77A91CA0C5C30083ACBF /* Products */;
			projectDirPath = "";
			projectRoot = "";
			targets = (
				63DB77A71CA0C5C30083ACBF /* SqueakyCore */,
			);
		};
/* End PBXProject section */

/* Begin PBXSourcesBuildPhase section */
		63DB77A41CA0C5C30083ACBF /* Sources */ = {
			isa = PBXSourcesBuildPhase;
			buildActionMask = 2147483647;
			files = (
				63DB77AE1CA0C5C30083ACBF /* SqueakyCore.m in Sources */,
			);
			runOnlyForDeploymentPostprocessing = 0;
		};
/* End PBXSourcesBuildPhase section */

/* Begin XCBuildConfiguration section */
		63DB77AF1CA0C5C30083ACBF /* Debug */ = {
			isa = XCBuildConfiguration;
			buildSettings = {
				ALWAYS_SEARCH_USER_PATHS = NO;
				CLANG_CXX_LANGUAGE_STANDARD = "gnu++0x";
				CLANG_CXX_LIBRARY = "libc++";
				CLANG_ENABLE_MODULES = YES;
				CLANG_ENABLE_OBJC_ARC = YES;
				CLANG_WARN_BOOL_CONVERSION = YES;
				CLANG_WARN_CONSTANT_CONVERSION = YES;
				CLANG_WARN_DIRECT_OBJC_ISA_USAGE = YES_ERROR;
				CLANG_WARN_EMPTY_BODY = YES;
				CLANG_WARN_ENUM_CONVERSION = YES;
				CLANG_WARN_INT_CONVERSION = YES;
				CLANG_WARN_OBJC_ROOT_CLASS = YES_ERROR;
				CLANG_WARN_UNREACHABLE_CODE = YES;
				CLANG_WARN__DUPLICATE_METHOD_MATCH = YES;
				"CODE_SIGN_IDENTITY[sdk=iphoneos*]" = "iPhone Developer";
				COPY_PHASE_STRIP = NO;
				DEBUG_INFORMATION_FORMAT = dwarf;
				ENABLE_STRICT_OBJC_MSGSEND = YES;
				ENABLE_TESTABILITY = YES;
				GCC_C_LANGUAGE_STANDARD = gnu99;
				GCC_DYNAMIC_NO_PIC = NO;
				GCC_NO_COMMON_BLOCKS = YES;
				GCC_OPTIMIZATION_LEVEL = 0;
				GCC_PREPROCESSOR_DEFINITIONS = (
					"DEBUG=1",
					"$(inherited)",
				);
				GCC_WARN_64_TO_32_BIT_CONVERSION = YES;
				GCC_WARN_ABOUT_RETURN_TYPE = YES_ERROR;
				GCC_WARN_UNDECLARED_SELECTOR = YES;
				GCC_WARN_UNINITIALIZED_AUTOS = YES_AGGRESSIVE;
				GCC_WARN_UNUSED_FUNCTION = YES;
				GCC_WARN_UNUSED_VARIABLE = YES;
				IPHONEOS_DEPLOYMENT_TARGET = 9.2;
				MTL_ENABLE_DEBUG_INFO = YES;
				ONLY_ACTIVE_ARCH = YES;
				SDKROOT = iphoneos;
			};
			name = Debug;
		};
		63DB77B01CA0C5C30083ACBF /* Release */ = {
			isa = XCBuildConfiguration;
			buildSettings = {
				ALWAYS_SEARCH_USER_PATHS = NO;
				CLANG_CXX_LANGUAGE_STANDARD = "gnu++0x";
				CLANG_CXX_LIBRARY = "libc++";
				CLANG_ENABLE_MODULES = YES;
				CLANG_ENABLE_OBJC_ARC = YES;
				CLANG_WARN_BOOL_CONVERSION = YES;
				CLANG_WARN_CONSTANT_CONVERSION = YES;
				CLANG_WARN_DIRECT_OBJC_ISA_USAGE = YES_ERROR;
				CLANG_WARN_EMPTY_BODY = YES;
				CLANG_WARN_ENUM_CONVERSION = YES;
				CLANG_WARN_INT_CONVERSION = YES;
				CLANG_WARN_OBJC_ROOT_CLASS = YES_ERROR;
				CLANG_WARN_UNREACHABLE_CODE = YES;
				CLANG_WARN__DUPLICATE_METHOD_MATCH = YES;
				"CODE_SIGN_IDENTITY[sdk=iphoneos*]" = "iPhone Developer";
				COPY_PHASE_STRIP = NO;
				DEBUG_INFORMATION_FORMAT = "dwarf-with-dsym";
				ENABLE_NS_ASSERTIONS = NO;
				ENABLE_STRICT_OBJC_MSGSEND = YES;
				GCC_C_LANGUAGE_STANDARD = gnu99;
				GCC_NO_COMMON_BLOCKS = YES;
				GCC_WARN_64_TO_32_BIT_CONVERSION = YES;
				GCC_WARN_ABOUT_RETURN_TYPE = YES_ERROR;
				GCC_WARN_UNDECLARED_SELECTOR = YES;
				GCC_WARN_UNINITIALIZED_AUTOS = YES_AGGRESSIVE;
				GCC_WARN_UNUSED_FUNCTION = YES;
				GCC_WARN_UNUSED_VARIABLE = YES;
				IPHONEOS_DEPLOYMENT_TARGET = 9.2;
				MTL_ENABLE_DEBUG_INFO = NO;
				SDKROOT = iphoneos;
				VALIDATE_PRODUCT = YES;
			};
			name = Release;
		};
		63DB77B21CA0C5C30083ACBF /* Debug */ = {
			isa = XCBuildConfiguration;
			buildSettings = {
				OTHER_LDFLAGS = "-ObjC";
				PRODUCT_NAME = "$(TARGET_NAME)";
				SKIP_INSTALL = YES;
			};
			name = Debug;
		};
		63DB77B31CA0C5C30083ACBF /* Release */ = {
			isa = XCBuildConfiguration;
			buildSettings = {
				OTHER_LDFLAGS = "-ObjC";
				PRODUCT_NAME = "$(TARGET_NAME)";
				SKIP_INSTALL = YES;
			};
			name = Release;
		};
/* End XCBuildConfiguration section */

/* Begin XCConfigurationList section */
		63DB77A31CA0C5C30083ACBF /* Build configuration list for PBXProject "SqueakyCore" */ = {
			isa = XCConfigurationList;
			buildConfigurations = (
				63DB77AF1CA0C5C30083ACBF /* Debug */,
				63DB77B01CA0C5C30083ACBF /* Release */,
			);
			defaultConfigurationIsVisible = 0;
			defaultConfigurationName = Release;
		};
		63DB77B11CA0C5C30083ACBF /* Build configuration list for PBXNativeTarget "SqueakyCore" */ = {
			isa = XCConfigurationList;
			buildConfigurations = (
				63DB77B21CA0C5C30083ACBF /* Debug */,
				63DB77B31CA0C5C30083ACBF /* Release */,
			);
			defaultConfigurationIsVisible = 0;
		};
/* End XCConfigurationList section */
	};
	rootObject = 63DB77A01CA0C5C30083ACBF /* Project object */;
}
