// !$*UTF8*$!
{
	archiveVersion = 1;
	classes = {
	};
	objectVersion = 46;
	objects = {

/* Begin PBXBuildFile section */
		638FAF1A1C992783005153AB /* AndroidBase.h in CopyFiles */ = {isa = PBXBuildFile; fileRef = 638FAF191C992783005153AB /* AndroidBase.h */; };
		638FAF1C1C992783005153AB /* AndroidBase.m in Sources */ = {isa = PBXBuildFile; fileRef = 638FAF1B1C992783005153AB /* AndroidBase.m */; };
/* End PBXBuildFile section */

/* Begin PBXCopyFilesBuildPhase section */
		638FAF141C992783005153AB /* CopyFiles */ = {
			isa = PBXCopyFilesBuildPhase;
			buildActionMask = 2147483647;
			dstPath = "include/$(PRODUCT_NAME)";
			dstSubfolderSpec = 16;
			files = (
				638FAF1A1C992783005153AB /* AndroidBase.h in CopyFiles */,
			);
			runOnlyForDeploymentPostprocessing = 0;
		};
/* End PBXCopyFilesBuildPhase section */

/* Begin PBXFileReference section */
		638FAF161C992783005153AB /* libAndroidBase.a */ = {isa = PBXFileReference; explicitFileType = archive.ar; includeInIndex = 0; path = libAndroidBase.a; sourceTree = BUILT_PRODUCTS_DIR; };
		638FAF191C992783005153AB /* AndroidBase.h */ = {isa = PBXFileReference; lastKnownFileType = sourcecode.c.h; path = AndroidBase.h; sourceTree = "<group>"; };
		638FAF1B1C992783005153AB /* AndroidBase.m */ = {isa = PBXFileReference; lastKnownFileType = sourcecode.c.objc; path = AndroidBase.m; sourceTree = "<group>"; };
/* End PBXFileReference section */

/* Begin PBXFrameworksBuildPhase section */
		638FAF131C992783005153AB /* Frameworks */ = {
			isa = PBXFrameworksBuildPhase;
			buildActionMask = 2147483647;
			files = (
			);
			runOnlyForDeploymentPostprocessing = 0;
		};
/* End PBXFrameworksBuildPhase section */

/* Begin PBXGroup section */
		638FAF0D1C992783005153AB = {
			isa = PBXGroup;
			children = (
				638FAF181C992783005153AB /* AndroidBase */,
				638FAF171C992783005153AB /* Products */,
			);
			sourceTree = "<group>";
		};
		638FAF171C992783005153AB /* Products */ = {
			isa = PBXGroup;
			children = (
				638FAF161C992783005153AB /* libAndroidBase.a */,
			);
			name = Products;
			sourceTree = "<group>";
		};
		638FAF181C992783005153AB /* AndroidBase */ = {
			isa = PBXGroup;
			children = (
				638FAF191C992783005153AB /* AndroidBase.h */,
				638FAF1B1C992783005153AB /* AndroidBase.m */,
			);
			path = AndroidBase;
			sourceTree = "<group>";
		};
/* End PBXGroup section */

/* Begin PBXNativeTarget section */
		638FAF151C992783005153AB /* AndroidBase */ = {
			isa = PBXNativeTarget;
			buildConfigurationList = 638FAF1F1C992783005153AB /* Build configuration list for PBXNativeTarget "AndroidBase" */;
			buildPhases = (
				638FAF121C992783005153AB /* Sources */,
				638FAF131C992783005153AB /* Frameworks */,
				638FAF141C992783005153AB /* CopyFiles */,
			);
			buildRules = (
			);
			dependencies = (
			);
			name = AndroidBase;
			productName = AndroidBase;
			productReference = 638FAF161C992783005153AB /* libAndroidBase.a */;
			productType = "com.apple.product-type.library.static";
		};
/* End PBXNativeTarget section */

/* Begin PBXProject section */
		638FAF0E1C992783005153AB /* Project object */ = {
			isa = PBXProject;
			attributes = {
				LastUpgradeCheck = 0720;
				ORGANIZATIONNAME = "Kevin Galligan";
				TargetAttributes = {
					638FAF151C992783005153AB = {
						CreatedOnToolsVersion = 7.2;
					};
				};
			};
			buildConfigurationList = 638FAF111C992783005153AB /* Build configuration list for PBXProject "AndroidBase" */;
			compatibilityVersion = "Xcode 3.2";
			developmentRegion = English;
			hasScannedForEncodings = 0;
			knownRegions = (
				en,
			);
			mainGroup = 638FAF0D1C992783005153AB;
			productRefGroup = 638FAF171C992783005153AB /* Products */;
			projectDirPath = "";
			projectRoot = "";
			targets = (
				638FAF151C992783005153AB /* AndroidBase */,
			);
		};
/* End PBXProject section */

/* Begin PBXSourcesBuildPhase section */
		638FAF121C992783005153AB /* Sources */ = {
			isa = PBXSourcesBuildPhase;
			buildActionMask = 2147483647;
			files = (
				638FAF1C1C992783005153AB /* AndroidBase.m in Sources */,
			);
			runOnlyForDeploymentPostprocessing = 0;
		};
/* End PBXSourcesBuildPhase section */

/* Begin XCBuildConfiguration section */
		638FAF1D1C992783005153AB /* Debug */ = {
			isa = XCBuildConfiguration;
			buildSettings = {
				ALWAYS_SEARCH_USER_PATHS = NO;
				CLANG_CXX_LANGUAGE_STANDARD = "gnu++0x";
				CLANG_CXX_LIBRARY = "libc++";
				CLANG_ENABLE_MODULES = YES;
				CLANG_ENABLE_OBJC_ARC = YES;
				CLANG_WARN_BOOL_CONVERSION = YES;
				CLANG_WARN_CONSTANT_CONVERSION = YES;
				CLANG_WARN_DIRECT_OBJC_ISA_USAGE = YES_ERROR;
				CLANG_WARN_EMPTY_BODY = YES;
				CLANG_WARN_ENUM_CONVERSION = YES;
				CLANG_WARN_INT_CONVERSION = YES;
				CLANG_WARN_OBJC_ROOT_CLASS = YES_ERROR;
				CLANG_WARN_UNREACHABLE_CODE = YES;
				CLANG_WARN__DUPLICATE_METHOD_MATCH = YES;
				"CODE_SIGN_IDENTITY[sdk=iphoneos*]" = "iPhone Developer";
				COPY_PHASE_STRIP = NO;
				DEBUG_INFORMATION_FORMAT = dwarf;
				ENABLE_STRICT_OBJC_MSGSEND = YES;
				ENABLE_TESTABILITY = YES;
				GCC_C_LANGUAGE_STANDARD = gnu99;
				GCC_DYNAMIC_NO_PIC = NO;
				GCC_NO_COMMON_BLOCKS = YES;
				GCC_OPTIMIZATION_LEVEL = 0;
				GCC_PREPROCESSOR_DEFINITIONS = (
					"DEBUG=1",
					"$(inherited)",
				);
				GCC_WARN_64_TO_32_BIT_CONVERSION = YES;
				GCC_WARN_ABOUT_RETURN_TYPE = YES_ERROR;
				GCC_WARN_UNDECLARED_SELECTOR = YES;
				GCC_WARN_UNINITIALIZED_AUTOS = YES_AGGRESSIVE;
				GCC_WARN_UNUSED_FUNCTION = YES;
				GCC_WARN_UNUSED_VARIABLE = YES;
				IPHONEOS_DEPLOYMENT_TARGET = 9.2;
				MTL_ENABLE_DEBUG_INFO = YES;
				ONLY_ACTIVE_ARCH = YES;
				SDKROOT = iphoneos;
			};
			name = Debug;
		};
		638FAF1E1C992783005153AB /* Release */ = {
			isa = XCBuildConfiguration;
			buildSettings = {
				ALWAYS_SEARCH_USER_PATHS = NO;
				CLANG_CXX_LANGUAGE_STANDARD = "gnu++0x";
				CLANG_CXX_LIBRARY = "libc++";
				CLANG_ENABLE_MODULES = YES;
				CLANG_ENABLE_OBJC_ARC = YES;
				CLANG_WARN_BOOL_CONVERSION = YES;
				CLANG_WARN_CONSTANT_CONVERSION = YES;
				CLANG_WARN_DIRECT_OBJC_ISA_USAGE = YES_ERROR;
				CLANG_WARN_EMPTY_BODY = YES;
				CLANG_WARN_ENUM_CONVERSION = YES;
				CLANG_WARN_INT_CONVERSION = YES;
				CLANG_WARN_OBJC_ROOT_CLASS = YES_ERROR;
				CLANG_WARN_UNREACHABLE_CODE = YES;
				CLANG_WARN__DUPLICATE_METHOD_MATCH = YES;
				"CODE_SIGN_IDENTITY[sdk=iphoneos*]" = "iPhone Developer";
				COPY_PHASE_STRIP = NO;
				DEBUG_INFORMATION_FORMAT = "dwarf-with-dsym";
				ENABLE_NS_ASSERTIONS = NO;
				ENABLE_STRICT_OBJC_MSGSEND = YES;
				GCC_C_LANGUAGE_STANDARD = gnu99;
				GCC_NO_COMMON_BLOCKS = YES;
				GCC_WARN_64_TO_32_BIT_CONVERSION = YES;
				GCC_WARN_ABOUT_RETURN_TYPE = YES_ERROR;
				GCC_WARN_UNDECLARED_SELECTOR = YES;
				GCC_WARN_UNINITIALIZED_AUTOS = YES_AGGRESSIVE;
				GCC_WARN_UNUSED_FUNCTION = YES;
				GCC_WARN_UNUSED_VARIABLE = YES;
				IPHONEOS_DEPLOYMENT_TARGET = 9.2;
				MTL_ENABLE_DEBUG_INFO = NO;
				SDKROOT = iphoneos;
				VALIDATE_PRODUCT = YES;
			};
			name = Release;
		};
		638FAF201C992783005153AB /* Debug */ = {
			isa = XCBuildConfiguration;
			buildSettings = {
				OTHER_LDFLAGS = "-ObjC";
				PRODUCT_NAME = "$(TARGET_NAME)";
				SKIP_INSTALL = YES;
			};
			name = Debug;
		};
		638FAF211C992783005153AB /* Release */ = {
			isa = XCBuildConfiguration;
			buildSettings = {
				OTHER_LDFLAGS = "-ObjC";
				PRODUCT_NAME = "$(TARGET_NAME)";
				SKIP_INSTALL = YES;
			};
			name = Release;
		};
/* End XCBuildConfiguration section */

/* Begin XCConfigurationList section */
		638FAF111C992783005153AB /* Build configuration list for PBXProject "AndroidBase" */ = {
			isa = XCConfigurationList;
			buildConfigurations = (
				638FAF1D1C992783005153AB /* Debug */,
				638FAF1E1C992783005153AB /* Release */,
			);
			defaultConfigurationIsVisible = 0;
			defaultConfigurationName = Release;
		};
		638FAF1F1C992783005153AB /* Build configuration list for PBXNativeTarget "AndroidBase" */ = {
			isa = XCConfigurationList;
			buildConfigurations = (
				638FAF201C992783005153AB /* Debug */,
				638FAF211C992783005153AB /* Release */,
			);
			defaultConfigurationIsVisible = 0;
		};
/* End XCConfigurationList section */
	};
	rootObject = 638FAF0E1C992783005153AB /* Project object */;
}
