PODS:
  - j2objc-androidbase-debug (1.0)
  - j2objc-androidbase-release (1.0)
  - j2objc-androidbasetest-debug (1.0)
  - j2objc-androidbasetest-release (1.0)
  - j2objc-gson-debug (1.0)
  - j2objc-gson-release (1.0)
  - j2objc-gson-test (1.0)
  - j2objc-intellij-debug (1.0)
  - j2objc-intellij-release (1.0)

DEPENDENCIES:
  - j2objc-androidbase-debug (from `/Users/kgalligan/devel/j2objc/dist/doppel/androidbase`)
  - j2objc-androidbase-release (from `/Users/kgalligan/devel/j2objc/dist/doppel/androidbase`)
  - j2objc-androidbasetest-debug (from `/Users/kgalligan/devel/j2objc/dist/doppel/androidbasetest`)
  - j2objc-androidbasetest-release (from `/Users/kgalligan/devel/j2objc/dist/doppel/androidbasetest`)
  - j2objc-gson-debug (from `../trans/gson/build/j2objcOutputs`)
  - j2objc-gson-release (from `../trans/gson/build/j2objcOutputs`)
  - j2objc-gson-test (from `../trans/gson/build/j2objcOutputs`)
  - j2objc-intellij-debug (from `/Users/kgalligan/devel/j2objc/dist/doppel/intellij`)
  - j2objc-intellij-release (from `/Users/kgalligan/devel/j2objc/dist/doppel/intellij`)

EXTERNAL SOURCES:
  j2objc-androidbase-debug:
    :path: /Users/kgalligan/devel/j2objc/dist/doppel/androidbase
  j2objc-androidbase-release:
    :path: /Users/kgalligan/devel/j2objc/dist/doppel/androidbase
  j2objc-androidbasetest-debug:
    :path: /Users/kgalligan/devel/j2objc/dist/doppel/androidbasetest
  j2objc-androidbasetest-release:
    :path: /Users/kgalligan/devel/j2objc/dist/doppel/androidbasetest
  j2objc-gson-debug:
    :path: ../trans/gson/build/j2objcOutputs
  j2objc-gson-release:
    :path: ../trans/gson/build/j2objcOutputs
  j2objc-gson-test:
    :path: ../trans/gson/build/j2objcOutputs
  j2objc-intellij-debug:
    :path: /Users/kgalligan/devel/j2objc/dist/doppel/intellij
  j2objc-intellij-release:
    :path: /Users/kgalligan/devel/j2objc/dist/doppel/intellij

SPEC CHECKSUMS:
  j2objc-androidbase-debug: 25b391e859348b394e3d781ac183e8b52ccc5083
  j2objc-androidbase-release: 1fa8d108cc916e107d97b76a398b81338ea66cab
  j2objc-androidbasetest-debug: a9b7780079fd2229ea2a12f34696795ed4377ed2
  j2objc-androidbasetest-release: 368867055a3296b5985702cceb9d2ed80470db23
  j2objc-gson-debug: 5bb1263bef02cdb136a8ba957db8276876820f0a
  j2objc-gson-release: 0a9d53a745eaa69aaa5cbb5e1a37ca5edc05ad80
  j2objc-gson-test: fb4ad90f6f2868fb00d6054c264dd733a85705cf
  j2objc-intellij-debug: 4043552ea1fce546542a5bdf4bd16b999337eed3
  j2objc-intellij-release: a2604c064e97754935426a73af9c0d56f739d9df

PODFILE CHECKSUM: b954ee4251f5a1384050a2af50b4be7894c9b3fb

COCOAPODS: 1.0.0
